// !$*UTF8*$!
{
	archiveVersion = 1;
	classes = {
	};
	objectVersion = 51;
	objects = {

/* Begin PBXBuildFile section */
		0E4169932698583A002270D3 /* Person+Category.m in Sources */ = {isa = PBXBuildFile; fileRef = 0E4169922698583A002270D3 /* Person+Category.m */; };
		0E5160D52694438000A6FE32 /* AppDelegate.m in Sources */ = {isa = PBXBuildFile; fileRef = 0E5160D42694438000A6FE32 /* AppDelegate.m */; };
		0E5160D82694438000A6FE32 /* SceneDelegate.m in Sources */ = {isa = PBXBuildFile; fileRef = 0E5160D72694438000A6FE32 /* SceneDelegate.m */; };
		0E5160DB2694438000A6FE32 /* ViewController.m in Sources */ = {isa = PBXBuildFile; fileRef = 0E5160DA2694438000A6FE32 /* ViewController.m */; };
		0E5160DE2694438000A6FE32 /* Main.storyboard in Resources */ = {isa = PBXBuildFile; fileRef = 0E5160DC2694438000A6FE32 /* Main.storyboard */; };
		0E5160E02694438300A6FE32 /* Assets.xcassets in Resources */ = {isa = PBXBuildFile; fileRef = 0E5160DF2694438300A6FE32 /* Assets.xcassets */; };
		0E5160E32694438300A6FE32 /* LaunchScreen.storyboard in Resources */ = {isa = PBXBuildFile; fileRef = 0E5160E12694438300A6FE32 /* LaunchScreen.storyboard */; };
		0E5160E62694438300A6FE32 /* main.m in Sources */ = {isa = PBXBuildFile; fileRef = 0E5160E52694438300A6FE32 /* main.m */; };
		0E6694D6268589E6000DEE78 /* AppDelegate.m in Sources */ = {isa = PBXBuildFile; fileRef = 0E6694D5268589E6000DEE78 /* AppDelegate.m */; };
		0E6694D9268589E6000DEE78 /* SceneDelegate.m in Sources */ = {isa = PBXBuildFile; fileRef = 0E6694D8268589E6000DEE78 /* SceneDelegate.m */; };
		0E6694DC268589E6000DEE78 /* ViewController.m in Sources */ = {isa = PBXBuildFile; fileRef = 0E6694DB268589E6000DEE78 /* ViewController.m */; };
		0E6694DF268589E6000DEE78 /* Main.storyboard in Resources */ = {isa = PBXBuildFile; fileRef = 0E6694DD268589E6000DEE78 /* Main.storyboard */; };
		0E6694E1268589E8000DEE78 /* Assets.xcassets in Resources */ = {isa = PBXBuildFile; fileRef = 0E6694E0268589E8000DEE78 /* Assets.xcassets */; };
		0E6694E4268589E8000DEE78 /* LaunchScreen.storyboard in Resources */ = {isa = PBXBuildFile; fileRef = 0E6694E2268589E8000DEE78 /* LaunchScreen.storyboard */; };
		0E6694E7268589E8000DEE78 /* main.m in Sources */ = {isa = PBXBuildFile; fileRef = 0E6694E6268589E8000DEE78 /* main.m */; };
		0E6694F1268589E9000DEE78 /* XiaoMeiTests.m in Sources */ = {isa = PBXBuildFile; fileRef = 0E6694F0268589E9000DEE78 /* XiaoMeiTests.m */; };
		0E6694FC268589E9000DEE78 /* XiaoMeiUITests.m in Sources */ = {isa = PBXBuildFile; fileRef = 0E6694FB268589E9000DEE78 /* XiaoMeiUITests.m */; };
		0E66EB8C2689B622005450B4 /* AppDelegate.m in Sources */ = {isa = PBXBuildFile; fileRef = 0E66EB8B2689B622005450B4 /* AppDelegate.m */; };
		0E66EB8F2689B622005450B4 /* SceneDelegate.m in Sources */ = {isa = PBXBuildFile; fileRef = 0E66EB8E2689B622005450B4 /* SceneDelegate.m */; };
		0E66EB922689B622005450B4 /* ViewController.m in Sources */ = {isa = PBXBuildFile; fileRef = 0E66EB912689B622005450B4 /* ViewController.m */; };
		0E66EB952689B622005450B4 /* Main.storyboard in Resources */ = {isa = PBXBuildFile; fileRef = 0E66EB932689B622005450B4 /* Main.storyboard */; };
		0E66EB972689B625005450B4 /* Assets.xcassets in Resources */ = {isa = PBXBuildFile; fileRef = 0E66EB962689B625005450B4 /* Assets.xcassets */; };
		0E66EB9A2689B625005450B4 /* LaunchScreen.storyboard in Resources */ = {isa = PBXBuildFile; fileRef = 0E66EB982689B625005450B4 /* LaunchScreen.storyboard */; };
		0E66EB9D2689B625005450B4 /* main.m in Sources */ = {isa = PBXBuildFile; fileRef = 0E66EB9C2689B625005450B4 /* main.m */; };
		0E66EBC02689B67C005450B4 /* Person.proto in Sources */ = {isa = PBXBuildFile; fileRef = 0E66EBBE2689B67B005450B4 /* Person.proto */; };
		0E66EBC12689B67C005450B4 /* Person.pbobjc.m in Sources */ = {isa = PBXBuildFile; fileRef = 0E66EBBF2689B67B005450B4 /* Person.pbobjc.m */; settings = {COMPILER_FLAGS = "-fno-objc-arc"; }; };
		0E7717A12696C77C00DC5735 /* AppDelegate.m in Sources */ = {isa = PBXBuildFile; fileRef = 0E7717A02696C77C00DC5735 /* AppDelegate.m */; };
		0E7717A42696C77C00DC5735 /* SceneDelegate.m in Sources */ = {isa = PBXBuildFile; fileRef = 0E7717A32696C77C00DC5735 /* SceneDelegate.m */; };
		0E7717A72696C77C00DC5735 /* ViewController.m in Sources */ = {isa = PBXBuildFile; fileRef = 0E7717A62696C77C00DC5735 /* ViewController.m */; };
		0E7717AA2696C77C00DC5735 /* Main.storyboard in Resources */ = {isa = PBXBuildFile; fileRef = 0E7717A82696C77C00DC5735 /* Main.storyboard */; };
		0E7717AC2696C77D00DC5735 /* Assets.xcassets in Resources */ = {isa = PBXBuildFile; fileRef = 0E7717AB2696C77D00DC5735 /* Assets.xcassets */; };
		0E7717AF2696C77D00DC5735 /* LaunchScreen.storyboard in Resources */ = {isa = PBXBuildFile; fileRef = 0E7717AD2696C77D00DC5735 /* LaunchScreen.storyboard */; };
		0E7717B22696C77D00DC5735 /* main.m in Sources */ = {isa = PBXBuildFile; fileRef = 0E7717B12696C77D00DC5735 /* main.m */; };
		0E7717C82696CFC800DC5735 /* Person.m in Sources */ = {isa = PBXBuildFile; fileRef = 0E7717C72696CFC800DC5735 /* Person.m */; };
		0E7717CB2696CFE800DC5735 /* Dog.m in Sources */ = {isa = PBXBuildFile; fileRef = 0E7717CA2696CFE800DC5735 /* Dog.m */; };
		0E88B7A226D8AF8000C7A78B /* AButton.m in Sources */ = {isa = PBXBuildFile; fileRef = 0E88B7A126D8AF8000C7A78B /* AButton.m */; };
		0E88B7A526D8B4B000C7A78B /* ATapGestureRecognizer.m in Sources */ = {isa = PBXBuildFile; fileRef = 0E88B7A426D8B4B000C7A78B /* ATapGestureRecognizer.m */; };
		0E88B8A426D8C70100C7A78B /* BButton.m in Sources */ = {isa = PBXBuildFile; fileRef = 0E88B8A326D8C70100C7A78B /* BButton.m */; };
		0E941DF026A1889700430979 /* AppDelegate.m in Sources */ = {isa = PBXBuildFile; fileRef = 0E941DEF26A1889700430979 /* AppDelegate.m */; };
		0E941DF326A1889700430979 /* SceneDelegate.m in Sources */ = {isa = PBXBuildFile; fileRef = 0E941DF226A1889700430979 /* SceneDelegate.m */; };
		0E941DF626A1889700430979 /* ViewController.m in Sources */ = {isa = PBXBuildFile; fileRef = 0E941DF526A1889700430979 /* ViewController.m */; };
		0E941DF926A1889700430979 /* Main.storyboard in Resources */ = {isa = PBXBuildFile; fileRef = 0E941DF726A1889700430979 /* Main.storyboard */; };
		0E941DFB26A1889A00430979 /* Assets.xcassets in Resources */ = {isa = PBXBuildFile; fileRef = 0E941DFA26A1889A00430979 /* Assets.xcassets */; };
		0E941DFE26A1889A00430979 /* LaunchScreen.storyboard in Resources */ = {isa = PBXBuildFile; fileRef = 0E941DFC26A1889A00430979 /* LaunchScreen.storyboard */; };
		0E941E0126A1889A00430979 /* main.m in Sources */ = {isa = PBXBuildFile; fileRef = 0E941E0026A1889A00430979 /* main.m */; };
		0EE7C82F26D62336000090ED /* AppDelegate.m in Sources */ = {isa = PBXBuildFile; fileRef = 0EE7C82E26D62336000090ED /* AppDelegate.m */; };
		0EE7C83226D62336000090ED /* SceneDelegate.m in Sources */ = {isa = PBXBuildFile; fileRef = 0EE7C83126D62336000090ED /* SceneDelegate.m */; };
		0EE7C83526D62336000090ED /* ViewController.m in Sources */ = {isa = PBXBuildFile; fileRef = 0EE7C83426D62336000090ED /* ViewController.m */; };
		0EE7C83826D62336000090ED /* Main.storyboard in Resources */ = {isa = PBXBuildFile; fileRef = 0EE7C83626D62336000090ED /* Main.storyboard */; };
		0EE7C83A26D62339000090ED /* Assets.xcassets in Resources */ = {isa = PBXBuildFile; fileRef = 0EE7C83926D62339000090ED /* Assets.xcassets */; };
		0EE7C83D26D62339000090ED /* LaunchScreen.storyboard in Resources */ = {isa = PBXBuildFile; fileRef = 0EE7C83B26D62339000090ED /* LaunchScreen.storyboard */; };
		0EE7C84026D62339000090ED /* main.m in Sources */ = {isa = PBXBuildFile; fileRef = 0EE7C83F26D62339000090ED /* main.m */; };
		0EE7C84626D643B7000090ED /* AView.m in Sources */ = {isa = PBXBuildFile; fileRef = 0EE7C84526D643B7000090ED /* AView.m */; };
		0EE7C84926D643C1000090ED /* BView.m in Sources */ = {isa = PBXBuildFile; fileRef = 0EE7C84826D643C1000090ED /* BView.m */; };
		0EE7C84C26D643CC000090ED /* CView.m in Sources */ = {isa = PBXBuildFile; fileRef = 0EE7C84B26D643CC000090ED /* CView.m */; };
		0EE7C84F26D65DE9000090ED /* ATableView.m in Sources */ = {isa = PBXBuildFile; fileRef = 0EE7C84E26D65DE9000090ED /* ATableView.m */; };
		616560787F9D3799964A03C0 /* Pods_XiaoMeiTests.framework in Frameworks */ = {isa = PBXBuildFile; fileRef = 5AFE1CDE7AC5D8033E940F1E /* Pods_XiaoMeiTests.framework */; };
		625DBF70C2C03E9D65758D86 /* Pods_XiaoMei.framework in Frameworks */ = {isa = PBXBuildFile; fileRef = 7751859E6D0BC2FD206D9EB4 /* Pods_XiaoMei.framework */; };
		71AF8AEB84029E748FDCC92D /* Pods_ProtocolBuffer.framework in Frameworks */ = {isa = PBXBuildFile; fileRef = 2D1C5AEEDACDB3868D464848 /* Pods_ProtocolBuffer.framework */; };
		74BC7701D8408BF2B390AB24 /* Pods_RealmDemo.framework in Frameworks */ = {isa = PBXBuildFile; fileRef = 8F6D7303FD7D4653F3C94DFF /* Pods_RealmDemo.framework */; };
		B473BDFC1B721B411429B57E /* Pods_XiaoMei_XiaoMeiUITests.framework in Frameworks */ = {isa = PBXBuildFile; fileRef = 1ABBE6BD1C043C288F1CC08A /* Pods_XiaoMei_XiaoMeiUITests.framework */; };
/* End PBXBuildFile section */

/* Begin PBXContainerItemProxy section */
		0E6694ED268589E9000DEE78 /* PBXContainerItemProxy */ = {
			isa = PBXContainerItemProxy;
			containerPortal = 0E6694C9268589E6000DEE78 /* Project object */;
			proxyType = 1;
			remoteGlobalIDString = 0E6694D0268589E6000DEE78;
			remoteInfo = XiaoMei;
		};
		0E6694F8268589E9000DEE78 /* PBXContainerItemProxy */ = {
			isa = PBXContainerItemProxy;
			containerPortal = 0E6694C9268589E6000DEE78 /* Project object */;
			proxyType = 1;
			remoteGlobalIDString = 0E6694D0268589E6000DEE78;
			remoteInfo = XiaoMei;
		};
		0E66EBA32689B625005450B4 /* PBXContainerItemProxy */ = {
			isa = PBXContainerItemProxy;
			containerPortal = 0E6694C9268589E6000DEE78 /* Project object */;
			proxyType = 1;
			remoteGlobalIDString = 0E66EB872689B622005450B4;
			remoteInfo = ProtocolBuffer;
		};
		0E66EBAE2689B625005450B4 /* PBXContainerItemProxy */ = {
			isa = PBXContainerItemProxy;
			containerPortal = 0E6694C9268589E6000DEE78 /* Project object */;
			proxyType = 1;
			remoteGlobalIDString = 0E66EB872689B622005450B4;
			remoteInfo = ProtocolBuffer;
		};
/* End PBXContainerItemProxy section */

/* Begin PBXFileReference section */
		02F938183A057F2B914961E7 /* Pods-ProtocolBuffer.debug.xcconfig */ = {isa = PBXFileReference; includeInIndex = 1; lastKnownFileType = text.xcconfig; name = "Pods-ProtocolBuffer.debug.xcconfig"; path = "Target Support Files/Pods-ProtocolBuffer/Pods-ProtocolBuffer.debug.xcconfig"; sourceTree = "<group>"; };
		0E4169912698583A002270D3 /* Person+Category.h */ = {isa = PBXFileReference; lastKnownFileType = sourcecode.c.h; path = "Person+Category.h"; sourceTree = "<group>"; };
		0E4169922698583A002270D3 /* Person+Category.m */ = {isa = PBXFileReference; lastKnownFileType = sourcecode.c.objc; path = "Person+Category.m"; sourceTree = "<group>"; };
		0E41699526985893002270D3 /* Person+extern.h */ = {isa = PBXFileReference; lastKnownFileType = sourcecode.c.h; path = "Person+extern.h"; sourceTree = "<group>"; };
		0E416996269858AA002270D3 /* pro.h */ = {isa = PBXFileReference; lastKnownFileType = sourcecode.c.h; path = pro.h; sourceTree = "<group>"; };
		0E5160D12694438000A6FE32 /* NSDecimalNumber.app */ = {isa = PBXFileReference; explicitFileType = wrapper.application; includeInIndex = 0; path = NSDecimalNumber.app; sourceTree = BUILT_PRODUCTS_DIR; };
		0E5160D32694438000A6FE32 /* AppDelegate.h */ = {isa = PBXFileReference; lastKnownFileType = sourcecode.c.h; path = AppDelegate.h; sourceTree = "<group>"; };
		0E5160D42694438000A6FE32 /* AppDelegate.m */ = {isa = PBXFileReference; lastKnownFileType = sourcecode.c.objc; path = AppDelegate.m; sourceTree = "<group>"; };
		0E5160D62694438000A6FE32 /* SceneDelegate.h */ = {isa = PBXFileReference; lastKnownFileType = sourcecode.c.h; path = SceneDelegate.h; sourceTree = "<group>"; };
		0E5160D72694438000A6FE32 /* SceneDelegate.m */ = {isa = PBXFileReference; lastKnownFileType = sourcecode.c.objc; path = SceneDelegate.m; sourceTree = "<group>"; };
		0E5160D92694438000A6FE32 /* ViewController.h */ = {isa = PBXFileReference; lastKnownFileType = sourcecode.c.h; path = ViewController.h; sourceTree = "<group>"; };
		0E5160DA2694438000A6FE32 /* ViewController.m */ = {isa = PBXFileReference; lastKnownFileType = sourcecode.c.objc; path = ViewController.m; sourceTree = "<group>"; };
		0E5160DD2694438000A6FE32 /* Base */ = {isa = PBXFileReference; lastKnownFileType = file.storyboard; name = Base; path = Base.lproj/Main.storyboard; sourceTree = "<group>"; };
		0E5160DF2694438300A6FE32 /* Assets.xcassets */ = {isa = PBXFileReference; lastKnownFileType = folder.assetcatalog; path = Assets.xcassets; sourceTree = "<group>"; };
		0E5160E22694438300A6FE32 /* Base */ = {isa = PBXFileReference; lastKnownFileType = file.storyboard; name = Base; path = Base.lproj/LaunchScreen.storyboard; sourceTree = "<group>"; };
		0E5160E42694438300A6FE32 /* Info.plist */ = {isa = PBXFileReference; lastKnownFileType = text.plist.xml; path = Info.plist; sourceTree = "<group>"; };
		0E5160E52694438300A6FE32 /* main.m */ = {isa = PBXFileReference; lastKnownFileType = sourcecode.c.objc; path = main.m; sourceTree = "<group>"; };
		0E6694D1268589E6000DEE78 /* XiaoMei.app */ = {isa = PBXFileReference; explicitFileType = wrapper.application; includeInIndex = 0; path = XiaoMei.app; sourceTree = BUILT_PRODUCTS_DIR; };
		0E6694D4268589E6000DEE78 /* AppDelegate.h */ = {isa = PBXFileReference; lastKnownFileType = sourcecode.c.h; path = AppDelegate.h; sourceTree = "<group>"; };
		0E6694D5268589E6000DEE78 /* AppDelegate.m */ = {isa = PBXFileReference; lastKnownFileType = sourcecode.c.objc; path = AppDelegate.m; sourceTree = "<group>"; };
		0E6694D7268589E6000DEE78 /* SceneDelegate.h */ = {isa = PBXFileReference; lastKnownFileType = sourcecode.c.h; path = SceneDelegate.h; sourceTree = "<group>"; };
		0E6694D8268589E6000DEE78 /* SceneDelegate.m */ = {isa = PBXFileReference; lastKnownFileType = sourcecode.c.objc; path = SceneDelegate.m; sourceTree = "<group>"; };
		0E6694DA268589E6000DEE78 /* ViewController.h */ = {isa = PBXFileReference; lastKnownFileType = sourcecode.c.h; path = ViewController.h; sourceTree = "<group>"; };
		0E6694DB268589E6000DEE78 /* ViewController.m */ = {isa = PBXFileReference; lastKnownFileType = sourcecode.c.objc; path = ViewController.m; sourceTree = "<group>"; };
		0E6694DE268589E6000DEE78 /* Base */ = {isa = PBXFileReference; lastKnownFileType = file.storyboard; name = Base; path = Base.lproj/Main.storyboard; sourceTree = "<group>"; };
		0E6694E0268589E8000DEE78 /* Assets.xcassets */ = {isa = PBXFileReference; lastKnownFileType = folder.assetcatalog; path = Assets.xcassets; sourceTree = "<group>"; };
		0E6694E3268589E8000DEE78 /* Base */ = {isa = PBXFileReference; lastKnownFileType = file.storyboard; name = Base; path = Base.lproj/LaunchScreen.storyboard; sourceTree = "<group>"; };
		0E6694E5268589E8000DEE78 /* Info.plist */ = {isa = PBXFileReference; lastKnownFileType = text.plist.xml; path = Info.plist; sourceTree = "<group>"; };
		0E6694E6268589E8000DEE78 /* main.m */ = {isa = PBXFileReference; lastKnownFileType = sourcecode.c.objc; path = main.m; sourceTree = "<group>"; };
		0E6694EC268589E9000DEE78 /* XiaoMeiTests.xctest */ = {isa = PBXFileReference; explicitFileType = wrapper.cfbundle; includeInIndex = 0; path = XiaoMeiTests.xctest; sourceTree = BUILT_PRODUCTS_DIR; };
		0E6694F0268589E9000DEE78 /* XiaoMeiTests.m */ = {isa = PBXFileReference; lastKnownFileType = sourcecode.c.objc; path = XiaoMeiTests.m; sourceTree = "<group>"; };
		0E6694F2268589E9000DEE78 /* Info.plist */ = {isa = PBXFileReference; lastKnownFileType = text.plist.xml; path = Info.plist; sourceTree = "<group>"; };
		0E6694F7268589E9000DEE78 /* XiaoMeiUITests.xctest */ = {isa = PBXFileReference; explicitFileType = wrapper.cfbundle; includeInIndex = 0; path = XiaoMeiUITests.xctest; sourceTree = BUILT_PRODUCTS_DIR; };
		0E6694FB268589E9000DEE78 /* XiaoMeiUITests.m */ = {isa = PBXFileReference; lastKnownFileType = sourcecode.c.objc; path = XiaoMeiUITests.m; sourceTree = "<group>"; };
		0E6694FD268589E9000DEE78 /* Info.plist */ = {isa = PBXFileReference; lastKnownFileType = text.plist.xml; path = Info.plist; sourceTree = "<group>"; };
		0E66EB882689B622005450B4 /* ProtocolBuffer.app */ = {isa = PBXFileReference; explicitFileType = wrapper.application; includeInIndex = 0; path = ProtocolBuffer.app; sourceTree = BUILT_PRODUCTS_DIR; };
		0E66EB8A2689B622005450B4 /* AppDelegate.h */ = {isa = PBXFileReference; lastKnownFileType = sourcecode.c.h; path = AppDelegate.h; sourceTree = "<group>"; };
		0E66EB8B2689B622005450B4 /* AppDelegate.m */ = {isa = PBXFileReference; lastKnownFileType = sourcecode.c.objc; path = AppDelegate.m; sourceTree = "<group>"; };
		0E66EB8D2689B622005450B4 /* SceneDelegate.h */ = {isa = PBXFileReference; lastKnownFileType = sourcecode.c.h; path = SceneDelegate.h; sourceTree = "<group>"; };
		0E66EB8E2689B622005450B4 /* SceneDelegate.m */ = {isa = PBXFileReference; lastKnownFileType = sourcecode.c.objc; path = SceneDelegate.m; sourceTree = "<group>"; };
		0E66EB902689B622005450B4 /* ViewController.h */ = {isa = PBXFileReference; lastKnownFileType = sourcecode.c.h; path = ViewController.h; sourceTree = "<group>"; };
		0E66EB912689B622005450B4 /* ViewController.m */ = {isa = PBXFileReference; lastKnownFileType = sourcecode.c.objc; path = ViewController.m; sourceTree = "<group>"; };
		0E66EB942689B622005450B4 /* Base */ = {isa = PBXFileReference; lastKnownFileType = file.storyboard; name = Base; path = Base.lproj/Main.storyboard; sourceTree = "<group>"; };
		0E66EB962689B625005450B4 /* Assets.xcassets */ = {isa = PBXFileReference; lastKnownFileType = folder.assetcatalog; path = Assets.xcassets; sourceTree = "<group>"; };
		0E66EB992689B625005450B4 /* Base */ = {isa = PBXFileReference; lastKnownFileType = file.storyboard; name = Base; path = Base.lproj/LaunchScreen.storyboard; sourceTree = "<group>"; };
		0E66EB9B2689B625005450B4 /* Info.plist */ = {isa = PBXFileReference; lastKnownFileType = text.plist.xml; path = Info.plist; sourceTree = "<group>"; };
		0E66EB9C2689B625005450B4 /* main.m */ = {isa = PBXFileReference; lastKnownFileType = sourcecode.c.objc; path = main.m; sourceTree = "<group>"; };
		0E66EBA22689B625005450B4 /* ProtocolBufferTests.xctest */ = {isa = PBXFileReference; explicitFileType = wrapper.cfbundle; includeInIndex = 0; path = ProtocolBufferTests.xctest; sourceTree = BUILT_PRODUCTS_DIR; };
		0E66EBAD2689B625005450B4 /* ProtocolBufferUITests.xctest */ = {isa = PBXFileReference; explicitFileType = wrapper.cfbundle; includeInIndex = 0; path = ProtocolBufferUITests.xctest; sourceTree = BUILT_PRODUCTS_DIR; };
		0E66EBBD2689B67B005450B4 /* Person.pbobjc.h */ = {isa = PBXFileReference; fileEncoding = 4; lastKnownFileType = sourcecode.c.h; path = Person.pbobjc.h; sourceTree = "<group>"; };
		0E66EBBE2689B67B005450B4 /* Person.proto */ = {isa = PBXFileReference; fileEncoding = 4; lastKnownFileType = sourcecode.protobuf; path = Person.proto; sourceTree = "<group>"; };
		0E66EBBF2689B67B005450B4 /* Person.pbobjc.m */ = {isa = PBXFileReference; fileEncoding = 4; lastKnownFileType = sourcecode.c.objc; path = Person.pbobjc.m; sourceTree = "<group>"; };
		0E77179D2696C77C00DC5735 /* RealmDemo.app */ = {isa = PBXFileReference; explicitFileType = wrapper.application; includeInIndex = 0; path = RealmDemo.app; sourceTree = BUILT_PRODUCTS_DIR; };
		0E77179F2696C77C00DC5735 /* AppDelegate.h */ = {isa = PBXFileReference; lastKnownFileType = sourcecode.c.h; path = AppDelegate.h; sourceTree = "<group>"; };
		0E7717A02696C77C00DC5735 /* AppDelegate.m */ = {isa = PBXFileReference; lastKnownFileType = sourcecode.c.objc; path = AppDelegate.m; sourceTree = "<group>"; };
		0E7717A22696C77C00DC5735 /* SceneDelegate.h */ = {isa = PBXFileReference; lastKnownFileType = sourcecode.c.h; path = SceneDelegate.h; sourceTree = "<group>"; };
		0E7717A32696C77C00DC5735 /* SceneDelegate.m */ = {isa = PBXFileReference; lastKnownFileType = sourcecode.c.objc; path = SceneDelegate.m; sourceTree = "<group>"; };
		0E7717A52696C77C00DC5735 /* ViewController.h */ = {isa = PBXFileReference; lastKnownFileType = sourcecode.c.h; path = ViewController.h; sourceTree = "<group>"; };
		0E7717A62696C77C00DC5735 /* ViewController.m */ = {isa = PBXFileReference; lastKnownFileType = sourcecode.c.objc; path = ViewController.m; sourceTree = "<group>"; };
		0E7717A92696C77C00DC5735 /* Base */ = {isa = PBXFileReference; lastKnownFileType = file.storyboard; name = Base; path = Base.lproj/Main.storyboard; sourceTree = "<group>"; };
		0E7717AB2696C77D00DC5735 /* Assets.xcassets */ = {isa = PBXFileReference; lastKnownFileType = folder.assetcatalog; path = Assets.xcassets; sourceTree = "<group>"; };
		0E7717AE2696C77D00DC5735 /* Base */ = {isa = PBXFileReference; lastKnownFileType = file.storyboard; name = Base; path = Base.lproj/LaunchScreen.storyboard; sourceTree = "<group>"; };
		0E7717B02696C77D00DC5735 /* Info.plist */ = {isa = PBXFileReference; lastKnownFileType = text.plist.xml; path = Info.plist; sourceTree = "<group>"; };
		0E7717B12696C77D00DC5735 /* main.m */ = {isa = PBXFileReference; lastKnownFileType = sourcecode.c.objc; path = main.m; sourceTree = "<group>"; };
		0E7717B92696C80A00DC5735 /* Realm.framework */ = {isa = PBXFileReference; explicitFileType = wrapper.framework; path = Realm.framework; sourceTree = BUILT_PRODUCTS_DIR; };
		0E7717C62696CFC800DC5735 /* Person.h */ = {isa = PBXFileReference; lastKnownFileType = sourcecode.c.h; path = Person.h; sourceTree = "<group>"; };
		0E7717C72696CFC800DC5735 /* Person.m */ = {isa = PBXFileReference; lastKnownFileType = sourcecode.c.objc; path = Person.m; sourceTree = "<group>"; };
		0E7717C92696CFE800DC5735 /* Dog.h */ = {isa = PBXFileReference; lastKnownFileType = sourcecode.c.h; path = Dog.h; sourceTree = "<group>"; };
		0E7717CA2696CFE800DC5735 /* Dog.m */ = {isa = PBXFileReference; lastKnownFileType = sourcecode.c.objc; path = Dog.m; sourceTree = "<group>"; };
		0E88B7A026D8AF8000C7A78B /* AButton.h */ = {isa = PBXFileReference; lastKnownFileType = sourcecode.c.h; path = AButton.h; sourceTree = "<group>"; };
		0E88B7A126D8AF8000C7A78B /* AButton.m */ = {isa = PBXFileReference; lastKnownFileType = sourcecode.c.objc; path = AButton.m; sourceTree = "<group>"; };
		0E88B7A326D8B4B000C7A78B /* ATapGestureRecognizer.h */ = {isa = PBXFileReference; lastKnownFileType = sourcecode.c.h; path = ATapGestureRecognizer.h; sourceTree = "<group>"; };
		0E88B7A426D8B4B000C7A78B /* ATapGestureRecognizer.m */ = {isa = PBXFileReference; lastKnownFileType = sourcecode.c.objc; path = ATapGestureRecognizer.m; sourceTree = "<group>"; };
		0E88B8A226D8C70100C7A78B /* BButton.h */ = {isa = PBXFileReference; lastKnownFileType = sourcecode.c.h; path = BButton.h; sourceTree = "<group>"; };
		0E88B8A326D8C70100C7A78B /* BButton.m */ = {isa = PBXFileReference; lastKnownFileType = sourcecode.c.objc; path = BButton.m; sourceTree = "<group>"; };
		0E941DEC26A1889600430979 /* 单向链表.app */ = {isa = PBXFileReference; explicitFileType = wrapper.application; includeInIndex = 0; path = "单向链表.app"; sourceTree = BUILT_PRODUCTS_DIR; };
		0E941DEE26A1889700430979 /* AppDelegate.h */ = {isa = PBXFileReference; lastKnownFileType = sourcecode.c.h; path = AppDelegate.h; sourceTree = "<group>"; };
		0E941DEF26A1889700430979 /* AppDelegate.m */ = {isa = PBXFileReference; lastKnownFileType = sourcecode.c.objc; path = AppDelegate.m; sourceTree = "<group>"; };
		0E941DF126A1889700430979 /* SceneDelegate.h */ = {isa = PBXFileReference; lastKnownFileType = sourcecode.c.h; path = SceneDelegate.h; sourceTree = "<group>"; };
		0E941DF226A1889700430979 /* SceneDelegate.m */ = {isa = PBXFileReference; lastKnownFileType = sourcecode.c.objc; path = SceneDelegate.m; sourceTree = "<group>"; };
		0E941DF426A1889700430979 /* ViewController.h */ = {isa = PBXFileReference; lastKnownFileType = sourcecode.c.h; path = ViewController.h; sourceTree = "<group>"; };
		0E941DF526A1889700430979 /* ViewController.m */ = {isa = PBXFileReference; lastKnownFileType = sourcecode.c.objc; path = ViewController.m; sourceTree = "<group>"; };
		0E941DF826A1889700430979 /* Base */ = {isa = PBXFileReference; lastKnownFileType = file.storyboard; name = Base; path = Base.lproj/Main.storyboard; sourceTree = "<group>"; };
		0E941DFA26A1889A00430979 /* Assets.xcassets */ = {isa = PBXFileReference; lastKnownFileType = folder.assetcatalog; path = Assets.xcassets; sourceTree = "<group>"; };
		0E941DFD26A1889A00430979 /* Base */ = {isa = PBXFileReference; lastKnownFileType = file.storyboard; name = Base; path = Base.lproj/LaunchScreen.storyboard; sourceTree = "<group>"; };
		0E941DFF26A1889A00430979 /* Info.plist */ = {isa = PBXFileReference; lastKnownFileType = text.plist.xml; path = Info.plist; sourceTree = "<group>"; };
		0E941E0026A1889A00430979 /* main.m */ = {isa = PBXFileReference; lastKnownFileType = sourcecode.c.objc; path = main.m; sourceTree = "<group>"; };
		0EE7C82B26D62336000090ED /* 触摸事件全家桶.app */ = {isa = PBXFileReference; explicitFileType = wrapper.application; includeInIndex = 0; path = "触摸事件全家桶.app"; sourceTree = BUILT_PRODUCTS_DIR; };
		0EE7C82D26D62336000090ED /* AppDelegate.h */ = {isa = PBXFileReference; lastKnownFileType = sourcecode.c.h; path = AppDelegate.h; sourceTree = "<group>"; };
		0EE7C82E26D62336000090ED /* AppDelegate.m */ = {isa = PBXFileReference; lastKnownFileType = sourcecode.c.objc; path = AppDelegate.m; sourceTree = "<group>"; };
		0EE7C83026D62336000090ED /* SceneDelegate.h */ = {isa = PBXFileReference; lastKnownFileType = sourcecode.c.h; path = SceneDelegate.h; sourceTree = "<group>"; };
		0EE7C83126D62336000090ED /* SceneDelegate.m */ = {isa = PBXFileReference; lastKnownFileType = sourcecode.c.objc; path = SceneDelegate.m; sourceTree = "<group>"; };
		0EE7C83326D62336000090ED /* ViewController.h */ = {isa = PBXFileReference; lastKnownFileType = sourcecode.c.h; path = ViewController.h; sourceTree = "<group>"; };
		0EE7C83426D62336000090ED /* ViewController.m */ = {isa = PBXFileReference; lastKnownFileType = sourcecode.c.objc; path = ViewController.m; sourceTree = "<group>"; };
		0EE7C83726D62336000090ED /* Base */ = {isa = PBXFileReference; lastKnownFileType = file.storyboard; name = Base; path = Base.lproj/Main.storyboard; sourceTree = "<group>"; };
		0EE7C83926D62339000090ED /* Assets.xcassets */ = {isa = PBXFileReference; lastKnownFileType = folder.assetcatalog; path = Assets.xcassets; sourceTree = "<group>"; };
		0EE7C83C26D62339000090ED /* Base */ = {isa = PBXFileReference; lastKnownFileType = file.storyboard; name = Base; path = Base.lproj/LaunchScreen.storyboard; sourceTree = "<group>"; };
		0EE7C83E26D62339000090ED /* Info.plist */ = {isa = PBXFileReference; lastKnownFileType = text.plist.xml; path = Info.plist; sourceTree = "<group>"; };
		0EE7C83F26D62339000090ED /* main.m */ = {isa = PBXFileReference; lastKnownFileType = sourcecode.c.objc; path = main.m; sourceTree = "<group>"; };
		0EE7C84426D643B7000090ED /* AView.h */ = {isa = PBXFileReference; lastKnownFileType = sourcecode.c.h; path = AView.h; sourceTree = "<group>"; };
		0EE7C84526D643B7000090ED /* AView.m */ = {isa = PBXFileReference; lastKnownFileType = sourcecode.c.objc; path = AView.m; sourceTree = "<group>"; };
		0EE7C84726D643C1000090ED /* BView.h */ = {isa = PBXFileReference; lastKnownFileType = sourcecode.c.h; path = BView.h; sourceTree = "<group>"; };
		0EE7C84826D643C1000090ED /* BView.m */ = {isa = PBXFileReference; lastKnownFileType = sourcecode.c.objc; path = BView.m; sourceTree = "<group>"; };
		0EE7C84A26D643CC000090ED /* CView.h */ = {isa = PBXFileReference; lastKnownFileType = sourcecode.c.h; path = CView.h; sourceTree = "<group>"; };
		0EE7C84B26D643CC000090ED /* CView.m */ = {isa = PBXFileReference; lastKnownFileType = sourcecode.c.objc; path = CView.m; sourceTree = "<group>"; };
		0EE7C84D26D65DE9000090ED /* ATableView.h */ = {isa = PBXFileReference; lastKnownFileType = sourcecode.c.h; path = ATableView.h; sourceTree = "<group>"; };
		0EE7C84E26D65DE9000090ED /* ATableView.m */ = {isa = PBXFileReference; lastKnownFileType = sourcecode.c.objc; path = ATableView.m; sourceTree = "<group>"; };
		1ABBE6BD1C043C288F1CC08A /* Pods_XiaoMei_XiaoMeiUITests.framework */ = {isa = PBXFileReference; explicitFileType = wrapper.framework; includeInIndex = 0; path = Pods_XiaoMei_XiaoMeiUITests.framework; sourceTree = BUILT_PRODUCTS_DIR; };
		256819D66FB1037E5E02189D /* Pods-XiaoMei-XiaoMeiUITests.debug.xcconfig */ = {isa = PBXFileReference; includeInIndex = 1; lastKnownFileType = text.xcconfig; name = "Pods-XiaoMei-XiaoMeiUITests.debug.xcconfig"; path = "Target Support Files/Pods-XiaoMei-XiaoMeiUITests/Pods-XiaoMei-XiaoMeiUITests.debug.xcconfig"; sourceTree = "<group>"; };
		2CD86782905847E7654F6F6E /* Pods-ProtocolBuffer.release.xcconfig */ = {isa = PBXFileReference; includeInIndex = 1; lastKnownFileType = text.xcconfig; name = "Pods-ProtocolBuffer.release.xcconfig"; path = "Target Support Files/Pods-ProtocolBuffer/Pods-ProtocolBuffer.release.xcconfig"; sourceTree = "<group>"; };
		2D1C5AEEDACDB3868D464848 /* Pods_ProtocolBuffer.framework */ = {isa = PBXFileReference; explicitFileType = wrapper.framework; includeInIndex = 0; path = Pods_ProtocolBuffer.framework; sourceTree = BUILT_PRODUCTS_DIR; };
		3230E4500759973350AB994A /* Pods-XiaoMei.release.xcconfig */ = {isa = PBXFileReference; includeInIndex = 1; lastKnownFileType = text.xcconfig; name = "Pods-XiaoMei.release.xcconfig"; path = "Target Support Files/Pods-XiaoMei/Pods-XiaoMei.release.xcconfig"; sourceTree = "<group>"; };
		497DC7C4B102DB3EC5C341B2 /* Pods-XiaoMei-XiaoMeiUITests.release.xcconfig */ = {isa = PBXFileReference; includeInIndex = 1; lastKnownFileType = text.xcconfig; name = "Pods-XiaoMei-XiaoMeiUITests.release.xcconfig"; path = "Target Support Files/Pods-XiaoMei-XiaoMeiUITests/Pods-XiaoMei-XiaoMeiUITests.release.xcconfig"; sourceTree = "<group>"; };
		5AFE1CDE7AC5D8033E940F1E /* Pods_XiaoMeiTests.framework */ = {isa = PBXFileReference; explicitFileType = wrapper.framework; includeInIndex = 0; path = Pods_XiaoMeiTests.framework; sourceTree = BUILT_PRODUCTS_DIR; };
		7751859E6D0BC2FD206D9EB4 /* Pods_XiaoMei.framework */ = {isa = PBXFileReference; explicitFileType = wrapper.framework; includeInIndex = 0; path = Pods_XiaoMei.framework; sourceTree = BUILT_PRODUCTS_DIR; };
		82F206E05D6A6534FC8AA2CD /* Pods-XiaoMeiTests.release.xcconfig */ = {isa = PBXFileReference; includeInIndex = 1; lastKnownFileType = text.xcconfig; name = "Pods-XiaoMeiTests.release.xcconfig"; path = "Target Support Files/Pods-XiaoMeiTests/Pods-XiaoMeiTests.release.xcconfig"; sourceTree = "<group>"; };
		8F6D7303FD7D4653F3C94DFF /* Pods_RealmDemo.framework */ = {isa = PBXFileReference; explicitFileType = wrapper.framework; includeInIndex = 0; path = Pods_RealmDemo.framework; sourceTree = BUILT_PRODUCTS_DIR; };
		DACB31EEC8A53AEF3896614F /* Pods-XiaoMeiTests.debug.xcconfig */ = {isa = PBXFileReference; includeInIndex = 1; lastKnownFileType = text.xcconfig; name = "Pods-XiaoMeiTests.debug.xcconfig"; path = "Target Support Files/Pods-XiaoMeiTests/Pods-XiaoMeiTests.debug.xcconfig"; sourceTree = "<group>"; };
		DD2525ADC2DD7C0ABC1940BD /* Pods-XiaoMei.debug.xcconfig */ = {isa = PBXFileReference; includeInIndex = 1; lastKnownFileType = text.xcconfig; name = "Pods-XiaoMei.debug.xcconfig"; path = "Target Support Files/Pods-XiaoMei/Pods-XiaoMei.debug.xcconfig"; sourceTree = "<group>"; };
		F39F95B4040DEE14F86F8B8C /* Pods-RealmDemo.debug.xcconfig */ = {isa = PBXFileReference; includeInIndex = 1; lastKnownFileType = text.xcconfig; name = "Pods-RealmDemo.debug.xcconfig"; path = "Target Support Files/Pods-RealmDemo/Pods-RealmDemo.debug.xcconfig"; sourceTree = "<group>"; };
		F558A0EF66F97534D7FB73FC /* Pods-RealmDemo.release.xcconfig */ = {isa = PBXFileReference; includeInIndex = 1; lastKnownFileType = text.xcconfig; name = "Pods-RealmDemo.release.xcconfig"; path = "Target Support Files/Pods-RealmDemo/Pods-RealmDemo.release.xcconfig"; sourceTree = "<group>"; };
/* End PBXFileReference section */

/* Begin PBXFrameworksBuildPhase section */
		0E5160CE2694438000A6FE32 /* Frameworks */ = {
			isa = PBXFrameworksBuildPhase;
			buildActionMask = 2147483647;
			files = (
			);
			runOnlyForDeploymentPostprocessing = 0;
		};
		0E6694CE268589E6000DEE78 /* Frameworks */ = {
			isa = PBXFrameworksBuildPhase;
			buildActionMask = 2147483647;
			files = (
				625DBF70C2C03E9D65758D86 /* Pods_XiaoMei.framework in Frameworks */,
			);
			runOnlyForDeploymentPostprocessing = 0;
		};
		0E6694E9268589E9000DEE78 /* Frameworks */ = {
			isa = PBXFrameworksBuildPhase;
			buildActionMask = 2147483647;
			files = (
				616560787F9D3799964A03C0 /* Pods_XiaoMeiTests.framework in Frameworks */,
			);
			runOnlyForDeploymentPostprocessing = 0;
		};
		0E6694F4268589E9000DEE78 /* Frameworks */ = {
			isa = PBXFrameworksBuildPhase;
			buildActionMask = 2147483647;
			files = (
				B473BDFC1B721B411429B57E /* Pods_XiaoMei_XiaoMeiUITests.framework in Frameworks */,
			);
			runOnlyForDeploymentPostprocessing = 0;
		};
		0E66EB852689B622005450B4 /* Frameworks */ = {
			isa = PBXFrameworksBuildPhase;
			buildActionMask = 2147483647;
			files = (
				71AF8AEB84029E748FDCC92D /* Pods_ProtocolBuffer.framework in Frameworks */,
			);
			runOnlyForDeploymentPostprocessing = 0;
		};
		0E66EB9F2689B625005450B4 /* Frameworks */ = {
			isa = PBXFrameworksBuildPhase;
			buildActionMask = 2147483647;
			files = (
			);
			runOnlyForDeploymentPostprocessing = 0;
		};
		0E66EBAA2689B625005450B4 /* Frameworks */ = {
			isa = PBXFrameworksBuildPhase;
			buildActionMask = 2147483647;
			files = (
			);
			runOnlyForDeploymentPostprocessing = 0;
		};
		0E77179A2696C77C00DC5735 /* Frameworks */ = {
			isa = PBXFrameworksBuildPhase;
			buildActionMask = 2147483647;
			files = (
				74BC7701D8408BF2B390AB24 /* Pods_RealmDemo.framework in Frameworks */,
			);
			runOnlyForDeploymentPostprocessing = 0;
		};
		0E941DE926A1889600430979 /* Frameworks */ = {
			isa = PBXFrameworksBuildPhase;
			buildActionMask = 2147483647;
			files = (
			);
			runOnlyForDeploymentPostprocessing = 0;
		};
		0EE7C82826D62336000090ED /* Frameworks */ = {
			isa = PBXFrameworksBuildPhase;
			buildActionMask = 2147483647;
			files = (
			);
			runOnlyForDeploymentPostprocessing = 0;
		};
/* End PBXFrameworksBuildPhase section */

/* Begin PBXGroup section */
		0E5160D22694438000A6FE32 /* NSDecimalNumber */ = {
			isa = PBXGroup;
			children = (
				0E5160D32694438000A6FE32 /* AppDelegate.h */,
				0E5160D42694438000A6FE32 /* AppDelegate.m */,
				0E5160D62694438000A6FE32 /* SceneDelegate.h */,
				0E5160D72694438000A6FE32 /* SceneDelegate.m */,
				0E5160D92694438000A6FE32 /* ViewController.h */,
				0E5160DA2694438000A6FE32 /* ViewController.m */,
				0E5160DC2694438000A6FE32 /* Main.storyboard */,
				0E5160DF2694438300A6FE32 /* Assets.xcassets */,
				0E5160E12694438300A6FE32 /* LaunchScreen.storyboard */,
				0E5160E42694438300A6FE32 /* Info.plist */,
				0E5160E52694438300A6FE32 /* main.m */,
			);
			path = NSDecimalNumber;
			sourceTree = "<group>";
		};
		0E6694C8268589E6000DEE78 = {
			isa = PBXGroup;
			children = (
				0E6694D3268589E6000DEE78 /* XiaoMei */,
				0E6694EF268589E9000DEE78 /* XiaoMeiTests */,
				0E6694FA268589E9000DEE78 /* XiaoMeiUITests */,
				0E66EB892689B622005450B4 /* ProtocolBuffer */,
				0E5160D22694438000A6FE32 /* NSDecimalNumber */,
				0E77179E2696C77C00DC5735 /* RealmDemo */,
				0E941DED26A1889700430979 /* 单向链表 */,
				0EE7C82C26D62336000090ED /* 触摸事件全家桶 */,
				0E6694D2268589E6000DEE78 /* Products */,
				A1E2B32D3B39DEAD0BA372C6 /* Pods */,
				FEBF1083D7BBAABD740F6879 /* Frameworks */,
			);
			sourceTree = "<group>";
		};
		0E6694D2268589E6000DEE78 /* Products */ = {
			isa = PBXGroup;
			children = (
				0E6694D1268589E6000DEE78 /* XiaoMei.app */,
				0E6694EC268589E9000DEE78 /* XiaoMeiTests.xctest */,
				0E6694F7268589E9000DEE78 /* XiaoMeiUITests.xctest */,
				0E66EB882689B622005450B4 /* ProtocolBuffer.app */,
				0E66EBA22689B625005450B4 /* ProtocolBufferTests.xctest */,
				0E66EBAD2689B625005450B4 /* ProtocolBufferUITests.xctest */,
				0E5160D12694438000A6FE32 /* NSDecimalNumber.app */,
				0E77179D2696C77C00DC5735 /* RealmDemo.app */,
				0E941DEC26A1889600430979 /* 单向链表.app */,
				0EE7C82B26D62336000090ED /* 触摸事件全家桶.app */,
			);
			name = Products;
			sourceTree = "<group>";
		};
		0E6694D3268589E6000DEE78 /* XiaoMei */ = {
			isa = PBXGroup;
			children = (
				0E6694D4268589E6000DEE78 /* AppDelegate.h */,
				0E6694D5268589E6000DEE78 /* AppDelegate.m */,
				0E6694D7268589E6000DEE78 /* SceneDelegate.h */,
				0E6694D8268589E6000DEE78 /* SceneDelegate.m */,
				0E6694DA268589E6000DEE78 /* ViewController.h */,
				0E6694DB268589E6000DEE78 /* ViewController.m */,
				0E6694DD268589E6000DEE78 /* Main.storyboard */,
				0E6694E0268589E8000DEE78 /* Assets.xcassets */,
				0E6694E2268589E8000DEE78 /* LaunchScreen.storyboard */,
				0E6694E5268589E8000DEE78 /* Info.plist */,
				0E6694E6268589E8000DEE78 /* main.m */,
			);
			path = XiaoMei;
			sourceTree = "<group>";
		};
		0E6694EF268589E9000DEE78 /* XiaoMeiTests */ = {
			isa = PBXGroup;
			children = (
				0E6694F0268589E9000DEE78 /* XiaoMeiTests.m */,
				0E6694F2268589E9000DEE78 /* Info.plist */,
			);
			path = XiaoMeiTests;
			sourceTree = "<group>";
		};
		0E6694FA268589E9000DEE78 /* XiaoMeiUITests */ = {
			isa = PBXGroup;
			children = (
				0E6694FB268589E9000DEE78 /* XiaoMeiUITests.m */,
				0E6694FD268589E9000DEE78 /* Info.plist */,
			);
			path = XiaoMeiUITests;
			sourceTree = "<group>";
		};
		0E66EB892689B622005450B4 /* ProtocolBuffer */ = {
			isa = PBXGroup;
			children = (
				0E66EB8A2689B622005450B4 /* AppDelegate.h */,
				0E66EB8B2689B622005450B4 /* AppDelegate.m */,
				0E66EB8D2689B622005450B4 /* SceneDelegate.h */,
				0E66EB8E2689B622005450B4 /* SceneDelegate.m */,
				0E66EB902689B622005450B4 /* ViewController.h */,
				0E66EB912689B622005450B4 /* ViewController.m */,
				0E66EBBE2689B67B005450B4 /* Person.proto */,
				0E66EBBD2689B67B005450B4 /* Person.pbobjc.h */,
				0E66EBBF2689B67B005450B4 /* Person.pbobjc.m */,
				0E66EB932689B622005450B4 /* Main.storyboard */,
				0E66EB962689B625005450B4 /* Assets.xcassets */,
				0E66EB982689B625005450B4 /* LaunchScreen.storyboard */,
				0E66EB9B2689B625005450B4 /* Info.plist */,
				0E66EB9C2689B625005450B4 /* main.m */,
			);
			path = ProtocolBuffer;
			sourceTree = "<group>";
		};
		0E77179E2696C77C00DC5735 /* RealmDemo */ = {
			isa = PBXGroup;
			children = (
				0E77179F2696C77C00DC5735 /* AppDelegate.h */,
				0E7717A02696C77C00DC5735 /* AppDelegate.m */,
				0E7717A22696C77C00DC5735 /* SceneDelegate.h */,
				0E7717A32696C77C00DC5735 /* SceneDelegate.m */,
				0E7717A52696C77C00DC5735 /* ViewController.h */,
				0E7717A62696C77C00DC5735 /* ViewController.m */,
				0E7717C92696CFE800DC5735 /* Dog.h */,
				0E7717CA2696CFE800DC5735 /* Dog.m */,
				0E7717C62696CFC800DC5735 /* Person.h */,
				0E7717C72696CFC800DC5735 /* Person.m */,
				0E416996269858AA002270D3 /* pro.h */,
				0E41699526985893002270D3 /* Person+extern.h */,
				0E4169912698583A002270D3 /* Person+Category.h */,
				0E4169922698583A002270D3 /* Person+Category.m */,
				0E7717A82696C77C00DC5735 /* Main.storyboard */,
				0E7717AB2696C77D00DC5735 /* Assets.xcassets */,
				0E7717AD2696C77D00DC5735 /* LaunchScreen.storyboard */,
				0E7717B02696C77D00DC5735 /* Info.plist */,
				0E7717B12696C77D00DC5735 /* main.m */,
			);
			path = RealmDemo;
			sourceTree = "<group>";
		};
		0E941DED26A1889700430979 /* 单向链表 */ = {
			isa = PBXGroup;
			children = (
				0E941DEE26A1889700430979 /* AppDelegate.h */,
				0E941DEF26A1889700430979 /* AppDelegate.m */,
				0E941DF126A1889700430979 /* SceneDelegate.h */,
				0E941DF226A1889700430979 /* SceneDelegate.m */,
				0E941DF426A1889700430979 /* ViewController.h */,
				0E941DF526A1889700430979 /* ViewController.m */,
				0E941DF726A1889700430979 /* Main.storyboard */,
				0E941DFA26A1889A00430979 /* Assets.xcassets */,
				0E941DFC26A1889A00430979 /* LaunchScreen.storyboard */,
				0E941DFF26A1889A00430979 /* Info.plist */,
				0E941E0026A1889A00430979 /* main.m */,
			);
			path = "单向链表";
			sourceTree = "<group>";
		};
		0EE7C82C26D62336000090ED /* 触摸事件全家桶 */ = {
			isa = PBXGroup;
			children = (
				0EE7C82D26D62336000090ED /* AppDelegate.h */,
				0EE7C82E26D62336000090ED /* AppDelegate.m */,
				0EE7C83026D62336000090ED /* SceneDelegate.h */,
				0EE7C83126D62336000090ED /* SceneDelegate.m */,
				0EE7C83326D62336000090ED /* ViewController.h */,
				0EE7C83426D62336000090ED /* ViewController.m */,
				0EE7C84426D643B7000090ED /* AView.h */,
				0EE7C84526D643B7000090ED /* AView.m */,
				0EE7C84726D643C1000090ED /* BView.h */,
				0EE7C84826D643C1000090ED /* BView.m */,
				0EE7C84A26D643CC000090ED /* CView.h */,
				0EE7C84B26D643CC000090ED /* CView.m */,
				0EE7C84D26D65DE9000090ED /* ATableView.h */,
				0EE7C84E26D65DE9000090ED /* ATableView.m */,
				0E88B7A026D8AF8000C7A78B /* AButton.h */,
				0E88B7A126D8AF8000C7A78B /* AButton.m */,
				0E88B8A226D8C70100C7A78B /* BButton.h */,
				0E88B8A326D8C70100C7A78B /* BButton.m */,
				0E88B7A326D8B4B000C7A78B /* ATapGestureRecognizer.h */,
				0E88B7A426D8B4B000C7A78B /* ATapGestureRecognizer.m */,
				0EE7C83626D62336000090ED /* Main.storyboard */,
				0EE7C83926D62339000090ED /* Assets.xcassets */,
				0EE7C83B26D62339000090ED /* LaunchScreen.storyboard */,
				0EE7C83E26D62339000090ED /* Info.plist */,
				0EE7C83F26D62339000090ED /* main.m */,
			);
			path = "触摸事件全家桶";
			sourceTree = "<group>";
		};
		A1E2B32D3B39DEAD0BA372C6 /* Pods */ = {
			isa = PBXGroup;
			children = (
				DD2525ADC2DD7C0ABC1940BD /* Pods-XiaoMei.debug.xcconfig */,
				3230E4500759973350AB994A /* Pods-XiaoMei.release.xcconfig */,
				256819D66FB1037E5E02189D /* Pods-XiaoMei-XiaoMeiUITests.debug.xcconfig */,
				497DC7C4B102DB3EC5C341B2 /* Pods-XiaoMei-XiaoMeiUITests.release.xcconfig */,
				DACB31EEC8A53AEF3896614F /* Pods-XiaoMeiTests.debug.xcconfig */,
				82F206E05D6A6534FC8AA2CD /* Pods-XiaoMeiTests.release.xcconfig */,
				02F938183A057F2B914961E7 /* Pods-ProtocolBuffer.debug.xcconfig */,
				2CD86782905847E7654F6F6E /* Pods-ProtocolBuffer.release.xcconfig */,
				F39F95B4040DEE14F86F8B8C /* Pods-RealmDemo.debug.xcconfig */,
				F558A0EF66F97534D7FB73FC /* Pods-RealmDemo.release.xcconfig */,
			);
			path = Pods;
			sourceTree = "<group>";
		};
		FEBF1083D7BBAABD740F6879 /* Frameworks */ = {
			isa = PBXGroup;
			children = (
				0E7717B92696C80A00DC5735 /* Realm.framework */,
				7751859E6D0BC2FD206D9EB4 /* Pods_XiaoMei.framework */,
				1ABBE6BD1C043C288F1CC08A /* Pods_XiaoMei_XiaoMeiUITests.framework */,
				5AFE1CDE7AC5D8033E940F1E /* Pods_XiaoMeiTests.framework */,
				2D1C5AEEDACDB3868D464848 /* Pods_ProtocolBuffer.framework */,
				8F6D7303FD7D4653F3C94DFF /* Pods_RealmDemo.framework */,
			);
			name = Frameworks;
			sourceTree = "<group>";
		};
/* End PBXGroup section */

/* Begin PBXNativeTarget section */
		0E5160D02694438000A6FE32 /* NSDecimalNumber */ = {
			isa = PBXNativeTarget;
			buildConfigurationList = 0E5160E72694438300A6FE32 /* Build configuration list for PBXNativeTarget "NSDecimalNumber" */;
			buildPhases = (
				0E5160CD2694438000A6FE32 /* Sources */,
				0E5160CE2694438000A6FE32 /* Frameworks */,
				0E5160CF2694438000A6FE32 /* Resources */,
			);
			buildRules = (
			);
			dependencies = (
			);
			name = NSDecimalNumber;
			productName = NSDecimalNumber;
			productReference = 0E5160D12694438000A6FE32 /* NSDecimalNumber.app */;
			productType = "com.apple.product-type.application";
		};
		0E6694D0268589E6000DEE78 /* XiaoMei */ = {
			isa = PBXNativeTarget;
			buildConfigurationList = 0E669500268589E9000DEE78 /* Build configuration list for PBXNativeTarget "XiaoMei" */;
			buildPhases = (
				6A3A8E5786929E36EF3AD40A /* [CP] Check Pods Manifest.lock */,
				0E6694CD268589E6000DEE78 /* Sources */,
				0E6694CE268589E6000DEE78 /* Frameworks */,
				0E6694CF268589E6000DEE78 /* Resources */,
				BAC46172607BDC0881C68032 /* [CP] Embed Pods Frameworks */,
			);
			buildRules = (
			);
			dependencies = (
			);
			name = XiaoMei;
			productName = XiaoMei;
			productReference = 0E6694D1268589E6000DEE78 /* XiaoMei.app */;
			productType = "com.apple.product-type.application";
		};
		0E6694EB268589E9000DEE78 /* XiaoMeiTests */ = {
			isa = PBXNativeTarget;
			buildConfigurationList = 0E669503268589E9000DEE78 /* Build configuration list for PBXNativeTarget "XiaoMeiTests" */;
			buildPhases = (
				BCF0C1DE9C24D076D245FA00 /* [CP] Check Pods Manifest.lock */,
				0E6694E8268589E9000DEE78 /* Sources */,
				0E6694E9268589E9000DEE78 /* Frameworks */,
				0E6694EA268589E9000DEE78 /* Resources */,
			);
			buildRules = (
			);
			dependencies = (
				0E6694EE268589E9000DEE78 /* PBXTargetDependency */,
			);
			name = XiaoMeiTests;
			productName = XiaoMeiTests;
			productReference = 0E6694EC268589E9000DEE78 /* XiaoMeiTests.xctest */;
			productType = "com.apple.product-type.bundle.unit-test";
		};
		0E6694F6268589E9000DEE78 /* XiaoMeiUITests */ = {
			isa = PBXNativeTarget;
			buildConfigurationList = 0E669506268589E9000DEE78 /* Build configuration list for PBXNativeTarget "XiaoMeiUITests" */;
			buildPhases = (
				232CAEE6A3B9738A2BA10518 /* [CP] Check Pods Manifest.lock */,
				0E6694F3268589E9000DEE78 /* Sources */,
				0E6694F4268589E9000DEE78 /* Frameworks */,
				0E6694F5268589E9000DEE78 /* Resources */,
				241159099DE270E3E9C25981 /* [CP] Embed Pods Frameworks */,
			);
			buildRules = (
			);
			dependencies = (
				0E6694F9268589E9000DEE78 /* PBXTargetDependency */,
			);
			name = XiaoMeiUITests;
			productName = XiaoMeiUITests;
			productReference = 0E6694F7268589E9000DEE78 /* XiaoMeiUITests.xctest */;
			productType = "com.apple.product-type.bundle.ui-testing";
		};
		0E66EB872689B622005450B4 /* ProtocolBuffer */ = {
			isa = PBXNativeTarget;
			buildConfigurationList = 0E66EBBA2689B625005450B4 /* Build configuration list for PBXNativeTarget "ProtocolBuffer" */;
			buildPhases = (
				28D5147A1F263B5B2F56209E /* [CP] Check Pods Manifest.lock */,
				0E66EB842689B622005450B4 /* Sources */,
				0E66EB852689B622005450B4 /* Frameworks */,
				0E66EB862689B622005450B4 /* Resources */,
				FB10158BBE96264B4137AAD8 /* [CP] Embed Pods Frameworks */,
			);
			buildRules = (
			);
			dependencies = (
			);
			name = ProtocolBuffer;
			productName = ProtocolBuffer;
			productReference = 0E66EB882689B622005450B4 /* ProtocolBuffer.app */;
			productType = "com.apple.product-type.application";
		};
		0E66EBA12689B625005450B4 /* ProtocolBufferTests */ = {
			isa = PBXNativeTarget;
			buildConfigurationList = 0E66EBBB2689B625005450B4 /* Build configuration list for PBXNativeTarget "ProtocolBufferTests" */;
			buildPhases = (
				0E66EB9E2689B625005450B4 /* Sources */,
				0E66EB9F2689B625005450B4 /* Frameworks */,
				0E66EBA02689B625005450B4 /* Resources */,
			);
			buildRules = (
			);
			dependencies = (
				0E66EBA42689B625005450B4 /* PBXTargetDependency */,
			);
			name = ProtocolBufferTests;
			productName = ProtocolBufferTests;
			productReference = 0E66EBA22689B625005450B4 /* ProtocolBufferTests.xctest */;
			productType = "com.apple.product-type.bundle.unit-test";
		};
		0E66EBAC2689B625005450B4 /* ProtocolBufferUITests */ = {
			isa = PBXNativeTarget;
			buildConfigurationList = 0E66EBBC2689B625005450B4 /* Build configuration list for PBXNativeTarget "ProtocolBufferUITests" */;
			buildPhases = (
				0E66EBA92689B625005450B4 /* Sources */,
				0E66EBAA2689B625005450B4 /* Frameworks */,
				0E66EBAB2689B625005450B4 /* Resources */,
			);
			buildRules = (
			);
			dependencies = (
				0E66EBAF2689B625005450B4 /* PBXTargetDependency */,
			);
			name = ProtocolBufferUITests;
			productName = ProtocolBufferUITests;
			productReference = 0E66EBAD2689B625005450B4 /* ProtocolBufferUITests.xctest */;
			productType = "com.apple.product-type.bundle.ui-testing";
		};
		0E77179C2696C77C00DC5735 /* RealmDemo */ = {
			isa = PBXNativeTarget;
			buildConfigurationList = 0E7717B52696C77D00DC5735 /* Build configuration list for PBXNativeTarget "RealmDemo" */;
			buildPhases = (
				4BEAA83C32CC59B09E8C0E97 /* [CP] Check Pods Manifest.lock */,
				0E7717992696C77C00DC5735 /* Sources */,
				0E77179A2696C77C00DC5735 /* Frameworks */,
				0E77179B2696C77C00DC5735 /* Resources */,
				F92D714326BD1BFC4456424C /* [CP] Embed Pods Frameworks */,
			);
			buildRules = (
			);
			dependencies = (
			);
			name = RealmDemo;
			productName = RealmDemo;
			productReference = 0E77179D2696C77C00DC5735 /* RealmDemo.app */;
			productType = "com.apple.product-type.application";
		};
		0E941DEB26A1889600430979 /* 单向链表 */ = {
			isa = PBXNativeTarget;
			buildConfigurationList = 0E941E0426A1889A00430979 /* Build configuration list for PBXNativeTarget "单向链表" */;
			buildPhases = (
				0E941DE826A1889600430979 /* Sources */,
				0E941DE926A1889600430979 /* Frameworks */,
				0E941DEA26A1889600430979 /* Resources */,
			);
			buildRules = (
			);
			dependencies = (
			);
			name = "单向链表";
			productName = "单向链表";
			productReference = 0E941DEC26A1889600430979 /* 单向链表.app */;
			productType = "com.apple.product-type.application";
		};
		0EE7C82A26D62336000090ED /* 触摸事件全家桶 */ = {
			isa = PBXNativeTarget;
			buildConfigurationList = 0EE7C84326D62339000090ED /* Build configuration list for PBXNativeTarget "触摸事件全家桶" */;
			buildPhases = (
				0EE7C82726D62336000090ED /* Sources */,
				0EE7C82826D62336000090ED /* Frameworks */,
				0EE7C82926D62336000090ED /* Resources */,
			);
			buildRules = (
			);
			dependencies = (
			);
			name = "触摸事件全家桶";
			productName = "触摸事件全家桶";
			productReference = 0EE7C82B26D62336000090ED /* 触摸事件全家桶.app */;
			productType = "com.apple.product-type.application";
		};
/* End PBXNativeTarget section */

/* Begin PBXProject section */
		0E6694C9268589E6000DEE78 /* Project object */ = {
			isa = PBXProject;
			attributes = {
				LastUpgradeCheck = 1250;
				TargetAttributes = {
					0E5160D02694438000A6FE32 = {
						CreatedOnToolsVersion = 12.5.1;
					};
					0E6694D0268589E6000DEE78 = {
						CreatedOnToolsVersion = 12.5.1;
					};
					0E6694EB268589E9000DEE78 = {
						CreatedOnToolsVersion = 12.5.1;
						TestTargetID = 0E6694D0268589E6000DEE78;
					};
					0E6694F6268589E9000DEE78 = {
						CreatedOnToolsVersion = 12.5.1;
						TestTargetID = 0E6694D0268589E6000DEE78;
					};
					0E66EB872689B622005450B4 = {
						CreatedOnToolsVersion = 12.5.1;
					};
					0E66EBA12689B625005450B4 = {
						CreatedOnToolsVersion = 12.5.1;
						TestTargetID = 0E66EB872689B622005450B4;
					};
					0E66EBAC2689B625005450B4 = {
						CreatedOnToolsVersion = 12.5.1;
						TestTargetID = 0E66EB872689B622005450B4;
					};
					0E77179C2696C77C00DC5735 = {
						CreatedOnToolsVersion = 12.5.1;
					};
					0E941DEB26A1889600430979 = {
						CreatedOnToolsVersion = 12.5.1;
					};
					0EE7C82A26D62336000090ED = {
						CreatedOnToolsVersion = 12.5.1;
					};
				};
			};
			buildConfigurationList = 0E6694CC268589E6000DEE78 /* Build configuration list for PBXProject "XiaoMei" */;
			compatibilityVersion = "Xcode 9.3";
			developmentRegion = en;
			hasScannedForEncodings = 0;
			knownRegions = (
				en,
				Base,
			);
			mainGroup = 0E6694C8268589E6000DEE78;
			productRefGroup = 0E6694D2268589E6000DEE78 /* Products */;
			projectDirPath = "";
			projectRoot = "";
			targets = (
				0E6694D0268589E6000DEE78 /* XiaoMei */,
				0E6694EB268589E9000DEE78 /* XiaoMeiTests */,
				0E6694F6268589E9000DEE78 /* XiaoMeiUITests */,
				0E66EB872689B622005450B4 /* ProtocolBuffer */,
				0E66EBA12689B625005450B4 /* ProtocolBufferTests */,
				0E66EBAC2689B625005450B4 /* ProtocolBufferUITests */,
				0E5160D02694438000A6FE32 /* NSDecimalNumber */,
				0E77179C2696C77C00DC5735 /* RealmDemo */,
				0E941DEB26A1889600430979 /* 单向链表 */,
				0EE7C82A26D62336000090ED /* 触摸事件全家桶 */,
			);
		};
/* End PBXProject section */

/* Begin PBXResourcesBuildPhase section */
		0E5160CF2694438000A6FE32 /* Resources */ = {
			isa = PBXResourcesBuildPhase;
			buildActionMask = 2147483647;
			files = (
				0E5160E32694438300A6FE32 /* LaunchScreen.storyboard in Resources */,
				0E5160E02694438300A6FE32 /* Assets.xcassets in Resources */,
				0E5160DE2694438000A6FE32 /* Main.storyboard in Resources */,
			);
			runOnlyForDeploymentPostprocessing = 0;
		};
		0E6694CF268589E6000DEE78 /* Resources */ = {
			isa = PBXResourcesBuildPhase;
			buildActionMask = 2147483647;
			files = (
				0E6694E4268589E8000DEE78 /* LaunchScreen.storyboard in Resources */,
				0E6694E1268589E8000DEE78 /* Assets.xcassets in Resources */,
				0E6694DF268589E6000DEE78 /* Main.storyboard in Resources */,
			);
			runOnlyForDeploymentPostprocessing = 0;
		};
		0E6694EA268589E9000DEE78 /* Resources */ = {
			isa = PBXResourcesBuildPhase;
			buildActionMask = 2147483647;
			files = (
			);
			runOnlyForDeploymentPostprocessing = 0;
		};
		0E6694F5268589E9000DEE78 /* Resources */ = {
			isa = PBXResourcesBuildPhase;
			buildActionMask = 2147483647;
			files = (
			);
			runOnlyForDeploymentPostprocessing = 0;
		};
		0E66EB862689B622005450B4 /* Resources */ = {
			isa = PBXResourcesBuildPhase;
			buildActionMask = 2147483647;
			files = (
				0E66EB9A2689B625005450B4 /* LaunchScreen.storyboard in Resources */,
				0E66EB972689B625005450B4 /* Assets.xcassets in Resources */,
				0E66EB952689B622005450B4 /* Main.storyboard in Resources */,
			);
			runOnlyForDeploymentPostprocessing = 0;
		};
		0E66EBA02689B625005450B4 /* Resources */ = {
			isa = PBXResourcesBuildPhase;
			buildActionMask = 2147483647;
			files = (
			);
			runOnlyForDeploymentPostprocessing = 0;
		};
		0E66EBAB2689B625005450B4 /* Resources */ = {
			isa = PBXResourcesBuildPhase;
			buildActionMask = 2147483647;
			files = (
			);
			runOnlyForDeploymentPostprocessing = 0;
		};
		0E77179B2696C77C00DC5735 /* Resources */ = {
			isa = PBXResourcesBuildPhase;
			buildActionMask = 2147483647;
			files = (
				0E7717AF2696C77D00DC5735 /* LaunchScreen.storyboard in Resources */,
				0E7717AC2696C77D00DC5735 /* Assets.xcassets in Resources */,
				0E7717AA2696C77C00DC5735 /* Main.storyboard in Resources */,
			);
			runOnlyForDeploymentPostprocessing = 0;
		};
		0E941DEA26A1889600430979 /* Resources */ = {
			isa = PBXResourcesBuildPhase;
			buildActionMask = 2147483647;
			files = (
				0E941DFE26A1889A00430979 /* LaunchScreen.storyboard in Resources */,
				0E941DFB26A1889A00430979 /* Assets.xcassets in Resources */,
				0E941DF926A1889700430979 /* Main.storyboard in Resources */,
			);
			runOnlyForDeploymentPostprocessing = 0;
		};
		0EE7C82926D62336000090ED /* Resources */ = {
			isa = PBXResourcesBuildPhase;
			buildActionMask = 2147483647;
			files = (
				0EE7C83D26D62339000090ED /* LaunchScreen.storyboard in Resources */,
				0EE7C83A26D62339000090ED /* Assets.xcassets in Resources */,
				0EE7C83826D62336000090ED /* Main.storyboard in Resources */,
			);
			runOnlyForDeploymentPostprocessing = 0;
		};
/* End PBXResourcesBuildPhase section */

/* Begin PBXShellScriptBuildPhase section */
		232CAEE6A3B9738A2BA10518 /* [CP] Check Pods Manifest.lock */ = {
			isa = PBXShellScriptBuildPhase;
			buildActionMask = 2147483647;
			files = (
			);
			inputFileListPaths = (
			);
			inputPaths = (
				"${PODS_PODFILE_DIR_PATH}/Podfile.lock",
				"${PODS_ROOT}/Manifest.lock",
			);
			name = "[CP] Check Pods Manifest.lock";
			outputFileListPaths = (
			);
			outputPaths = (
				"$(DERIVED_FILE_DIR)/Pods-XiaoMei-XiaoMeiUITests-checkManifestLockResult.txt",
			);
			runOnlyForDeploymentPostprocessing = 0;
			shellPath = /bin/sh;
			shellScript = "diff \"${PODS_PODFILE_DIR_PATH}/Podfile.lock\" \"${PODS_ROOT}/Manifest.lock\" > /dev/null\nif [ $? != 0 ] ; then\n    # print error to STDERR\n    echo \"error: The sandbox is not in sync with the Podfile.lock. Run 'pod install' or update your CocoaPods installation.\" >&2\n    exit 1\nfi\n# This output is used by Xcode 'outputs' to avoid re-running this script phase.\necho \"SUCCESS\" > \"${SCRIPT_OUTPUT_FILE_0}\"\n";
			showEnvVarsInLog = 0;
		};
		241159099DE270E3E9C25981 /* [CP] Embed Pods Frameworks */ = {
			isa = PBXShellScriptBuildPhase;
			buildActionMask = 2147483647;
			files = (
			);
			inputFileListPaths = (
				"${PODS_ROOT}/Target Support Files/Pods-XiaoMei-XiaoMeiUITests/Pods-XiaoMei-XiaoMeiUITests-frameworks-${CONFIGURATION}-input-files.xcfilelist",
			);
			name = "[CP] Embed Pods Frameworks";
			outputFileListPaths = (
				"${PODS_ROOT}/Target Support Files/Pods-XiaoMei-XiaoMeiUITests/Pods-XiaoMei-XiaoMeiUITests-frameworks-${CONFIGURATION}-output-files.xcfilelist",
			);
			runOnlyForDeploymentPostprocessing = 0;
			shellPath = /bin/sh;
			shellScript = "\"${PODS_ROOT}/Target Support Files/Pods-XiaoMei-XiaoMeiUITests/Pods-XiaoMei-XiaoMeiUITests-frameworks.sh\"\n";
			showEnvVarsInLog = 0;
		};
		28D5147A1F263B5B2F56209E /* [CP] Check Pods Manifest.lock */ = {
			isa = PBXShellScriptBuildPhase;
			buildActionMask = 2147483647;
			files = (
			);
			inputFileListPaths = (
			);
			inputPaths = (
				"${PODS_PODFILE_DIR_PATH}/Podfile.lock",
				"${PODS_ROOT}/Manifest.lock",
			);
			name = "[CP] Check Pods Manifest.lock";
			outputFileListPaths = (
			);
			outputPaths = (
				"$(DERIVED_FILE_DIR)/Pods-ProtocolBuffer-checkManifestLockResult.txt",
			);
			runOnlyForDeploymentPostprocessing = 0;
			shellPath = /bin/sh;
			shellScript = "diff \"${PODS_PODFILE_DIR_PATH}/Podfile.lock\" \"${PODS_ROOT}/Manifest.lock\" > /dev/null\nif [ $? != 0 ] ; then\n    # print error to STDERR\n    echo \"error: The sandbox is not in sync with the Podfile.lock. Run 'pod install' or update your CocoaPods installation.\" >&2\n    exit 1\nfi\n# This output is used by Xcode 'outputs' to avoid re-running this script phase.\necho \"SUCCESS\" > \"${SCRIPT_OUTPUT_FILE_0}\"\n";
			showEnvVarsInLog = 0;
		};
		4BEAA83C32CC59B09E8C0E97 /* [CP] Check Pods Manifest.lock */ = {
			isa = PBXShellScriptBuildPhase;
			buildActionMask = 2147483647;
			files = (
			);
			inputFileListPaths = (
			);
			inputPaths = (
				"${PODS_PODFILE_DIR_PATH}/Podfile.lock",
				"${PODS_ROOT}/Manifest.lock",
			);
			name = "[CP] Check Pods Manifest.lock";
			outputFileListPaths = (
			);
			outputPaths = (
				"$(DERIVED_FILE_DIR)/Pods-RealmDemo-checkManifestLockResult.txt",
			);
			runOnlyForDeploymentPostprocessing = 0;
			shellPath = /bin/sh;
			shellScript = "diff \"${PODS_PODFILE_DIR_PATH}/Podfile.lock\" \"${PODS_ROOT}/Manifest.lock\" > /dev/null\nif [ $? != 0 ] ; then\n    # print error to STDERR\n    echo \"error: The sandbox is not in sync with the Podfile.lock. Run 'pod install' or update your CocoaPods installation.\" >&2\n    exit 1\nfi\n# This output is used by Xcode 'outputs' to avoid re-running this script phase.\necho \"SUCCESS\" > \"${SCRIPT_OUTPUT_FILE_0}\"\n";
			showEnvVarsInLog = 0;
		};
		6A3A8E5786929E36EF3AD40A /* [CP] Check Pods Manifest.lock */ = {
			isa = PBXShellScriptBuildPhase;
			buildActionMask = 2147483647;
			files = (
			);
			inputFileListPaths = (
			);
			inputPaths = (
				"${PODS_PODFILE_DIR_PATH}/Podfile.lock",
				"${PODS_ROOT}/Manifest.lock",
			);
			name = "[CP] Check Pods Manifest.lock";
			outputFileListPaths = (
			);
			outputPaths = (
				"$(DERIVED_FILE_DIR)/Pods-XiaoMei-checkManifestLockResult.txt",
			);
			runOnlyForDeploymentPostprocessing = 0;
			shellPath = /bin/sh;
			shellScript = "diff \"${PODS_PODFILE_DIR_PATH}/Podfile.lock\" \"${PODS_ROOT}/Manifest.lock\" > /dev/null\nif [ $? != 0 ] ; then\n    # print error to STDERR\n    echo \"error: The sandbox is not in sync with the Podfile.lock. Run 'pod install' or update your CocoaPods installation.\" >&2\n    exit 1\nfi\n# This output is used by Xcode 'outputs' to avoid re-running this script phase.\necho \"SUCCESS\" > \"${SCRIPT_OUTPUT_FILE_0}\"\n";
			showEnvVarsInLog = 0;
		};
		BAC46172607BDC0881C68032 /* [CP] Embed Pods Frameworks */ = {
			isa = PBXShellScriptBuildPhase;
			buildActionMask = 2147483647;
			files = (
			);
			inputFileListPaths = (
				"${PODS_ROOT}/Target Support Files/Pods-XiaoMei/Pods-XiaoMei-frameworks-${CONFIGURATION}-input-files.xcfilelist",
			);
			name = "[CP] Embed Pods Frameworks";
			outputFileListPaths = (
				"${PODS_ROOT}/Target Support Files/Pods-XiaoMei/Pods-XiaoMei-frameworks-${CONFIGURATION}-output-files.xcfilelist",
			);
			runOnlyForDeploymentPostprocessing = 0;
			shellPath = /bin/sh;
			shellScript = "\"${PODS_ROOT}/Target Support Files/Pods-XiaoMei/Pods-XiaoMei-frameworks.sh\"\n";
			showEnvVarsInLog = 0;
		};
		BCF0C1DE9C24D076D245FA00 /* [CP] Check Pods Manifest.lock */ = {
			isa = PBXShellScriptBuildPhase;
			buildActionMask = 2147483647;
			files = (
			);
			inputFileListPaths = (
			);
			inputPaths = (
				"${PODS_PODFILE_DIR_PATH}/Podfile.lock",
				"${PODS_ROOT}/Manifest.lock",
			);
			name = "[CP] Check Pods Manifest.lock";
			outputFileListPaths = (
			);
			outputPaths = (
				"$(DERIVED_FILE_DIR)/Pods-XiaoMeiTests-checkManifestLockResult.txt",
			);
			runOnlyForDeploymentPostprocessing = 0;
			shellPath = /bin/sh;
			shellScript = "diff \"${PODS_PODFILE_DIR_PATH}/Podfile.lock\" \"${PODS_ROOT}/Manifest.lock\" > /dev/null\nif [ $? != 0 ] ; then\n    # print error to STDERR\n    echo \"error: The sandbox is not in sync with the Podfile.lock. Run 'pod install' or update your CocoaPods installation.\" >&2\n    exit 1\nfi\n# This output is used by Xcode 'outputs' to avoid re-running this script phase.\necho \"SUCCESS\" > \"${SCRIPT_OUTPUT_FILE_0}\"\n";
			showEnvVarsInLog = 0;
		};
		F92D714326BD1BFC4456424C /* [CP] Embed Pods Frameworks */ = {
			isa = PBXShellScriptBuildPhase;
			buildActionMask = 2147483647;
			files = (
			);
			inputFileListPaths = (
				"${PODS_ROOT}/Target Support Files/Pods-RealmDemo/Pods-RealmDemo-frameworks-${CONFIGURATION}-input-files.xcfilelist",
			);
			name = "[CP] Embed Pods Frameworks";
			outputFileListPaths = (
				"${PODS_ROOT}/Target Support Files/Pods-RealmDemo/Pods-RealmDemo-frameworks-${CONFIGURATION}-output-files.xcfilelist",
			);
			runOnlyForDeploymentPostprocessing = 0;
			shellPath = /bin/sh;
			shellScript = "\"${PODS_ROOT}/Target Support Files/Pods-RealmDemo/Pods-RealmDemo-frameworks.sh\"\n";
			showEnvVarsInLog = 0;
		};
		FB10158BBE96264B4137AAD8 /* [CP] Embed Pods Frameworks */ = {
			isa = PBXShellScriptBuildPhase;
			buildActionMask = 2147483647;
			files = (
			);
			inputFileListPaths = (
				"${PODS_ROOT}/Target Support Files/Pods-ProtocolBuffer/Pods-ProtocolBuffer-frameworks-${CONFIGURATION}-input-files.xcfilelist",
			);
			name = "[CP] Embed Pods Frameworks";
			outputFileListPaths = (
				"${PODS_ROOT}/Target Support Files/Pods-ProtocolBuffer/Pods-ProtocolBuffer-frameworks-${CONFIGURATION}-output-files.xcfilelist",
			);
			runOnlyForDeploymentPostprocessing = 0;
			shellPath = /bin/sh;
			shellScript = "\"${PODS_ROOT}/Target Support Files/Pods-ProtocolBuffer/Pods-ProtocolBuffer-frameworks.sh\"\n";
			showEnvVarsInLog = 0;
		};
/* End PBXShellScriptBuildPhase section */

/* Begin PBXSourcesBuildPhase section */
		0E5160CD2694438000A6FE32 /* Sources */ = {
			isa = PBXSourcesBuildPhase;
			buildActionMask = 2147483647;
			files = (
				0E5160DB2694438000A6FE32 /* ViewController.m in Sources */,
				0E5160D52694438000A6FE32 /* AppDelegate.m in Sources */,
				0E5160E62694438300A6FE32 /* main.m in Sources */,
				0E5160D82694438000A6FE32 /* SceneDelegate.m in Sources */,
			);
			runOnlyForDeploymentPostprocessing = 0;
		};
		0E6694CD268589E6000DEE78 /* Sources */ = {
			isa = PBXSourcesBuildPhase;
			buildActionMask = 2147483647;
			files = (
				0E6694DC268589E6000DEE78 /* ViewController.m in Sources */,
				0E6694D6268589E6000DEE78 /* AppDelegate.m in Sources */,
				0E6694E7268589E8000DEE78 /* main.m in Sources */,
				0E6694D9268589E6000DEE78 /* SceneDelegate.m in Sources */,
			);
			runOnlyForDeploymentPostprocessing = 0;
		};
		0E6694E8268589E9000DEE78 /* Sources */ = {
			isa = PBXSourcesBuildPhase;
			buildActionMask = 2147483647;
			files = (
				0E6694F1268589E9000DEE78 /* XiaoMeiTests.m in Sources */,
			);
			runOnlyForDeploymentPostprocessing = 0;
		};
		0E6694F3268589E9000DEE78 /* Sources */ = {
			isa = PBXSourcesBuildPhase;
			buildActionMask = 2147483647;
			files = (
				0E6694FC268589E9000DEE78 /* XiaoMeiUITests.m in Sources */,
			);
			runOnlyForDeploymentPostprocessing = 0;
		};
		0E66EB842689B622005450B4 /* Sources */ = {
			isa = PBXSourcesBuildPhase;
			buildActionMask = 2147483647;
			files = (
				0E66EB922689B622005450B4 /* ViewController.m in Sources */,
				0E66EB8C2689B622005450B4 /* AppDelegate.m in Sources */,
				0E66EB9D2689B625005450B4 /* main.m in Sources */,
				0E66EB8F2689B622005450B4 /* SceneDelegate.m in Sources */,
				0E66EBC02689B67C005450B4 /* Person.proto in Sources */,
				0E66EBC12689B67C005450B4 /* Person.pbobjc.m in Sources */,
			);
			runOnlyForDeploymentPostprocessing = 0;
		};
		0E66EB9E2689B625005450B4 /* Sources */ = {
			isa = PBXSourcesBuildPhase;
			buildActionMask = 2147483647;
			files = (
			);
			runOnlyForDeploymentPostprocessing = 0;
		};
		0E66EBA92689B625005450B4 /* Sources */ = {
			isa = PBXSourcesBuildPhase;
			buildActionMask = 2147483647;
			files = (
			);
			runOnlyForDeploymentPostprocessing = 0;
		};
		0E7717992696C77C00DC5735 /* Sources */ = {
			isa = PBXSourcesBuildPhase;
			buildActionMask = 2147483647;
			files = (
				0E7717CB2696CFE800DC5735 /* Dog.m in Sources */,
				0E7717C82696CFC800DC5735 /* Person.m in Sources */,
				0E7717A72696C77C00DC5735 /* ViewController.m in Sources */,
				0E4169932698583A002270D3 /* Person+Category.m in Sources */,
				0E7717A12696C77C00DC5735 /* AppDelegate.m in Sources */,
				0E7717B22696C77D00DC5735 /* main.m in Sources */,
				0E7717A42696C77C00DC5735 /* SceneDelegate.m in Sources */,
			);
			runOnlyForDeploymentPostprocessing = 0;
		};
		0E941DE826A1889600430979 /* Sources */ = {
			isa = PBXSourcesBuildPhase;
			buildActionMask = 2147483647;
			files = (
				0E941DF626A1889700430979 /* ViewController.m in Sources */,
				0E941DF026A1889700430979 /* AppDelegate.m in Sources */,
				0E941E0126A1889A00430979 /* main.m in Sources */,
				0E941DF326A1889700430979 /* SceneDelegate.m in Sources */,
			);
			runOnlyForDeploymentPostprocessing = 0;
		};
		0EE7C82726D62336000090ED /* Sources */ = {
			isa = PBXSourcesBuildPhase;
			buildActionMask = 2147483647;
			files = (
				0EE7C83526D62336000090ED /* ViewController.m in Sources */,
				0E88B7A526D8B4B000C7A78B /* ATapGestureRecognizer.m in Sources */,
				0EE7C82F26D62336000090ED /* AppDelegate.m in Sources */,
				0EE7C84C26D643CC000090ED /* CView.m in Sources */,
				0EE7C84F26D65DE9000090ED /* ATableView.m in Sources */,
				0E88B8A426D8C70100C7A78B /* BButton.m in Sources */,
				0EE7C84026D62339000090ED /* main.m in Sources */,
				0EE7C84926D643C1000090ED /* BView.m in Sources */,
				0EE7C84626D643B7000090ED /* AView.m in Sources */,
				0E88B7A226D8AF8000C7A78B /* AButton.m in Sources */,
				0EE7C83226D62336000090ED /* SceneDelegate.m in Sources */,
			);
			runOnlyForDeploymentPostprocessing = 0;
		};
/* End PBXSourcesBuildPhase section */

/* Begin PBXTargetDependency section */
		0E6694EE268589E9000DEE78 /* PBXTargetDependency */ = {
			isa = PBXTargetDependency;
			target = 0E6694D0268589E6000DEE78 /* XiaoMei */;
			targetProxy = 0E6694ED268589E9000DEE78 /* PBXContainerItemProxy */;
		};
		0E6694F9268589E9000DEE78 /* PBXTargetDependency */ = {
			isa = PBXTargetDependency;
			target = 0E6694D0268589E6000DEE78 /* XiaoMei */;
			targetProxy = 0E6694F8268589E9000DEE78 /* PBXContainerItemProxy */;
		};
		0E66EBA42689B625005450B4 /* PBXTargetDependency */ = {
			isa = PBXTargetDependency;
			target = 0E66EB872689B622005450B4 /* ProtocolBuffer */;
			targetProxy = 0E66EBA32689B625005450B4 /* PBXContainerItemProxy */;
		};
		0E66EBAF2689B625005450B4 /* PBXTargetDependency */ = {
			isa = PBXTargetDependency;
			target = 0E66EB872689B622005450B4 /* ProtocolBuffer */;
			targetProxy = 0E66EBAE2689B625005450B4 /* PBXContainerItemProxy */;
		};
/* End PBXTargetDependency section */

/* Begin PBXVariantGroup section */
		0E5160DC2694438000A6FE32 /* Main.storyboard */ = {
			isa = PBXVariantGroup;
			children = (
				0E5160DD2694438000A6FE32 /* Base */,
			);
			name = Main.storyboard;
			sourceTree = "<group>";
		};
		0E5160E12694438300A6FE32 /* LaunchScreen.storyboard */ = {
			isa = PBXVariantGroup;
			children = (
				0E5160E22694438300A6FE32 /* Base */,
			);
			name = LaunchScreen.storyboard;
			sourceTree = "<group>";
		};
		0E6694DD268589E6000DEE78 /* Main.storyboard */ = {
			isa = PBXVariantGroup;
			children = (
				0E6694DE268589E6000DEE78 /* Base */,
			);
			name = Main.storyboard;
			sourceTree = "<group>";
		};
		0E6694E2268589E8000DEE78 /* LaunchScreen.storyboard */ = {
			isa = PBXVariantGroup;
			children = (
				0E6694E3268589E8000DEE78 /* Base */,
			);
			name = LaunchScreen.storyboard;
			sourceTree = "<group>";
		};
		0E66EB932689B622005450B4 /* Main.storyboard */ = {
			isa = PBXVariantGroup;
			children = (
				0E66EB942689B622005450B4 /* Base */,
			);
			name = Main.storyboard;
			sourceTree = "<group>";
		};
		0E66EB982689B625005450B4 /* LaunchScreen.storyboard */ = {
			isa = PBXVariantGroup;
			children = (
				0E66EB992689B625005450B4 /* Base */,
			);
			name = LaunchScreen.storyboard;
			sourceTree = "<group>";
		};
		0E7717A82696C77C00DC5735 /* Main.storyboard */ = {
			isa = PBXVariantGroup;
			children = (
				0E7717A92696C77C00DC5735 /* Base */,
			);
			name = Main.storyboard;
			sourceTree = "<group>";
		};
		0E7717AD2696C77D00DC5735 /* LaunchScreen.storyboard */ = {
			isa = PBXVariantGroup;
			children = (
				0E7717AE2696C77D00DC5735 /* Base */,
			);
			name = LaunchScreen.storyboard;
			sourceTree = "<group>";
		};
		0E941DF726A1889700430979 /* Main.storyboard */ = {
			isa = PBXVariantGroup;
			children = (
				0E941DF826A1889700430979 /* Base */,
			);
			name = Main.storyboard;
			sourceTree = "<group>";
		};
		0E941DFC26A1889A00430979 /* LaunchScreen.storyboard */ = {
			isa = PBXVariantGroup;
			children = (
				0E941DFD26A1889A00430979 /* Base */,
			);
			name = LaunchScreen.storyboard;
			sourceTree = "<group>";
		};
		0EE7C83626D62336000090ED /* Main.storyboard */ = {
			isa = PBXVariantGroup;
			children = (
				0EE7C83726D62336000090ED /* Base */,
			);
			name = Main.storyboard;
			sourceTree = "<group>";
		};
		0EE7C83B26D62339000090ED /* LaunchScreen.storyboard */ = {
			isa = PBXVariantGroup;
			children = (
				0EE7C83C26D62339000090ED /* Base */,
			);
			name = LaunchScreen.storyboard;
			sourceTree = "<group>";
		};
/* End PBXVariantGroup section */

/* Begin XCBuildConfiguration section */
		0E5160E82694438300A6FE32 /* Debug */ = {
			isa = XCBuildConfiguration;
			buildSettings = {
				ASSETCATALOG_COMPILER_APPICON_NAME = AppIcon;
				ASSETCATALOG_COMPILER_GLOBAL_ACCENT_COLOR_NAME = AccentColor;
				CODE_SIGN_STYLE = Automatic;
				INFOPLIST_FILE = NSDecimalNumber/Info.plist;
				LD_RUNPATH_SEARCH_PATHS = (
					"$(inherited)",
					"@executable_path/Frameworks",
				);
				PRODUCT_BUNDLE_IDENTIFIER = lijia.NSDecimalNumber;
				PRODUCT_NAME = "$(TARGET_NAME)";
				TARGETED_DEVICE_FAMILY = "1,2";
			};
			name = Debug;
		};
		0E5160E92694438300A6FE32 /* Release */ = {
			isa = XCBuildConfiguration;
			buildSettings = {
				ASSETCATALOG_COMPILER_APPICON_NAME = AppIcon;
				ASSETCATALOG_COMPILER_GLOBAL_ACCENT_COLOR_NAME = AccentColor;
				CODE_SIGN_STYLE = Automatic;
				INFOPLIST_FILE = NSDecimalNumber/Info.plist;
				LD_RUNPATH_SEARCH_PATHS = (
					"$(inherited)",
					"@executable_path/Frameworks",
				);
				PRODUCT_BUNDLE_IDENTIFIER = lijia.NSDecimalNumber;
				PRODUCT_NAME = "$(TARGET_NAME)";
				TARGETED_DEVICE_FAMILY = "1,2";
			};
			name = Release;
		};
		0E6694FE268589E9000DEE78 /* Debug */ = {
			isa = XCBuildConfiguration;
			buildSettings = {
				ALWAYS_SEARCH_USER_PATHS = NO;
				CLANG_ANALYZER_NONNULL = YES;
				CLANG_ANALYZER_NUMBER_OBJECT_CONVERSION = YES_AGGRESSIVE;
				CLANG_CXX_LANGUAGE_STANDARD = "gnu++14";
				CLANG_CXX_LIBRARY = "libc++";
				CLANG_ENABLE_MODULES = YES;
				CLANG_ENABLE_OBJC_ARC = YES;
				CLANG_ENABLE_OBJC_WEAK = YES;
				CLANG_WARN_BLOCK_CAPTURE_AUTORELEASING = YES;
				CLANG_WARN_BOOL_CONVERSION = YES;
				CLANG_WARN_COMMA = YES;
				CLANG_WARN_CONSTANT_CONVERSION = YES;
				CLANG_WARN_DEPRECATED_OBJC_IMPLEMENTATIONS = YES;
				CLANG_WARN_DIRECT_OBJC_ISA_USAGE = YES_ERROR;
				CLANG_WARN_DOCUMENTATION_COMMENTS = YES;
				CLANG_WARN_EMPTY_BODY = YES;
				CLANG_WARN_ENUM_CONVERSION = YES;
				CLANG_WARN_INFINITE_RECURSION = YES;
				CLANG_WARN_INT_CONVERSION = YES;
				CLANG_WARN_NON_LITERAL_NULL_CONVERSION = YES;
				CLANG_WARN_OBJC_IMPLICIT_RETAIN_SELF = YES;
				CLANG_WARN_OBJC_LITERAL_CONVERSION = YES;
				CLANG_WARN_OBJC_ROOT_CLASS = YES_ERROR;
				CLANG_WARN_QUOTED_INCLUDE_IN_FRAMEWORK_HEADER = YES;
				CLANG_WARN_RANGE_LOOP_ANALYSIS = YES;
				CLANG_WARN_STRICT_PROTOTYPES = YES;
				CLANG_WARN_SUSPICIOUS_MOVE = YES;
				CLANG_WARN_UNGUARDED_AVAILABILITY = YES_AGGRESSIVE;
				CLANG_WARN_UNREACHABLE_CODE = YES;
				CLANG_WARN__DUPLICATE_METHOD_MATCH = YES;
				COPY_PHASE_STRIP = NO;
				DEBUG_INFORMATION_FORMAT = dwarf;
				ENABLE_STRICT_OBJC_MSGSEND = YES;
				ENABLE_TESTABILITY = YES;
				GCC_C_LANGUAGE_STANDARD = gnu11;
				GCC_DYNAMIC_NO_PIC = NO;
				GCC_NO_COMMON_BLOCKS = YES;
				GCC_OPTIMIZATION_LEVEL = 0;
				GCC_PREPROCESSOR_DEFINITIONS = (
					"DEBUG=1",
					"$(inherited)",
				);
				GCC_WARN_64_TO_32_BIT_CONVERSION = YES;
				GCC_WARN_ABOUT_RETURN_TYPE = YES_ERROR;
				GCC_WARN_UNDECLARED_SELECTOR = YES;
				GCC_WARN_UNINITIALIZED_AUTOS = YES_AGGRESSIVE;
				GCC_WARN_UNUSED_FUNCTION = YES;
				GCC_WARN_UNUSED_VARIABLE = YES;
				IPHONEOS_DEPLOYMENT_TARGET = 14.5;
				MTL_ENABLE_DEBUG_INFO = INCLUDE_SOURCE;
				MTL_FAST_MATH = YES;
				ONLY_ACTIVE_ARCH = YES;
				SDKROOT = iphoneos;
			};
			name = Debug;
		};
		0E6694FF268589E9000DEE78 /* Release */ = {
			isa = XCBuildConfiguration;
			buildSettings = {
				ALWAYS_SEARCH_USER_PATHS = NO;
				CLANG_ANALYZER_NONNULL = YES;
				CLANG_ANALYZER_NUMBER_OBJECT_CONVERSION = YES_AGGRESSIVE;
				CLANG_CXX_LANGUAGE_STANDARD = "gnu++14";
				CLANG_CXX_LIBRARY = "libc++";
				CLANG_ENABLE_MODULES = YES;
				CLANG_ENABLE_OBJC_ARC = YES;
				CLANG_ENABLE_OBJC_WEAK = YES;
				CLANG_WARN_BLOCK_CAPTURE_AUTORELEASING = YES;
				CLANG_WARN_BOOL_CONVERSION = YES;
				CLANG_WARN_COMMA = YES;
				CLANG_WARN_CONSTANT_CONVERSION = YES;
				CLANG_WARN_DEPRECATED_OBJC_IMPLEMENTATIONS = YES;
				CLANG_WARN_DIRECT_OBJC_ISA_USAGE = YES_ERROR;
				CLANG_WARN_DOCUMENTATION_COMMENTS = YES;
				CLANG_WARN_EMPTY_BODY = YES;
				CLANG_WARN_ENUM_CONVERSION = YES;
				CLANG_WARN_INFINITE_RECURSION = YES;
				CLANG_WARN_INT_CONVERSION = YES;
				CLANG_WARN_NON_LITERAL_NULL_CONVERSION = YES;
				CLANG_WARN_OBJC_IMPLICIT_RETAIN_SELF = YES;
				CLANG_WARN_OBJC_LITERAL_CONVERSION = YES;
				CLANG_WARN_OBJC_ROOT_CLASS = YES_ERROR;
				CLANG_WARN_QUOTED_INCLUDE_IN_FRAMEWORK_HEADER = YES;
				CLANG_WARN_RANGE_LOOP_ANALYSIS = YES;
				CLANG_WARN_STRICT_PROTOTYPES = YES;
				CLANG_WARN_SUSPICIOUS_MOVE = YES;
				CLANG_WARN_UNGUARDED_AVAILABILITY = YES_AGGRESSIVE;
				CLANG_WARN_UNREACHABLE_CODE = YES;
				CLANG_WARN__DUPLICATE_METHOD_MATCH = YES;
				COPY_PHASE_STRIP = NO;
				DEBUG_INFORMATION_FORMAT = "dwarf-with-dsym";
				ENABLE_NS_ASSERTIONS = NO;
				ENABLE_STRICT_OBJC_MSGSEND = YES;
				GCC_C_LANGUAGE_STANDARD = gnu11;
				GCC_NO_COMMON_BLOCKS = YES;
				GCC_WARN_64_TO_32_BIT_CONVERSION = YES;
				GCC_WARN_ABOUT_RETURN_TYPE = YES_ERROR;
				GCC_WARN_UNDECLARED_SELECTOR = YES;
				GCC_WARN_UNINITIALIZED_AUTOS = YES_AGGRESSIVE;
				GCC_WARN_UNUSED_FUNCTION = YES;
				GCC_WARN_UNUSED_VARIABLE = YES;
				IPHONEOS_DEPLOYMENT_TARGET = 14.5;
				MTL_ENABLE_DEBUG_INFO = NO;
				MTL_FAST_MATH = YES;
				SDKROOT = iphoneos;
				VALIDATE_PRODUCT = YES;
			};
			name = Release;
		};
		0E669501268589E9000DEE78 /* Debug */ = {
			isa = XCBuildConfiguration;
			baseConfigurationReference = DD2525ADC2DD7C0ABC1940BD /* Pods-XiaoMei.debug.xcconfig */;
			buildSettings = {
				ASSETCATALOG_COMPILER_APPICON_NAME = AppIcon;
				ASSETCATALOG_COMPILER_GLOBAL_ACCENT_COLOR_NAME = AccentColor;
				CODE_SIGN_STYLE = Automatic;
				INFOPLIST_FILE = XiaoMei/Info.plist;
				LD_RUNPATH_SEARCH_PATHS = (
					"$(inherited)",
					"@executable_path/Frameworks",
				);
				PRODUCT_BUNDLE_IDENTIFIER = lijia.XiaoMei;
				PRODUCT_NAME = "$(TARGET_NAME)";
				TARGETED_DEVICE_FAMILY = "1,2";
			};
			name = Debug;
		};
		0E669502268589E9000DEE78 /* Release */ = {
			isa = XCBuildConfiguration;
			baseConfigurationReference = 3230E4500759973350AB994A /* Pods-XiaoMei.release.xcconfig */;
			buildSettings = {
				ASSETCATALOG_COMPILER_APPICON_NAME = AppIcon;
				ASSETCATALOG_COMPILER_GLOBAL_ACCENT_COLOR_NAME = AccentColor;
				CODE_SIGN_STYLE = Automatic;
				INFOPLIST_FILE = XiaoMei/Info.plist;
				LD_RUNPATH_SEARCH_PATHS = (
					"$(inherited)",
					"@executable_path/Frameworks",
				);
				PRODUCT_BUNDLE_IDENTIFIER = lijia.XiaoMei;
				PRODUCT_NAME = "$(TARGET_NAME)";
				TARGETED_DEVICE_FAMILY = "1,2";
			};
			name = Release;
		};
		0E669504268589E9000DEE78 /* Debug */ = {
			isa = XCBuildConfiguration;
			baseConfigurationReference = DACB31EEC8A53AEF3896614F /* Pods-XiaoMeiTests.debug.xcconfig */;
			buildSettings = {
				BUNDLE_LOADER = "$(TEST_HOST)";
				CODE_SIGN_STYLE = Automatic;
				INFOPLIST_FILE = XiaoMeiTests/Info.plist;
				IPHONEOS_DEPLOYMENT_TARGET = 14.5;
				LD_RUNPATH_SEARCH_PATHS = (
					"$(inherited)",
					"@executable_path/Frameworks",
					"@loader_path/Frameworks",
				);
				PRODUCT_BUNDLE_IDENTIFIER = lijia.XiaoMeiTests;
				PRODUCT_NAME = "$(TARGET_NAME)";
				TARGETED_DEVICE_FAMILY = "1,2";
				TEST_HOST = "$(BUILT_PRODUCTS_DIR)/XiaoMei.app/XiaoMei";
			};
			name = Debug;
		};
		0E669505268589E9000DEE78 /* Release */ = {
			isa = XCBuildConfiguration;
			baseConfigurationReference = 82F206E05D6A6534FC8AA2CD /* Pods-XiaoMeiTests.release.xcconfig */;
			buildSettings = {
				BUNDLE_LOADER = "$(TEST_HOST)";
				CODE_SIGN_STYLE = Automatic;
				INFOPLIST_FILE = XiaoMeiTests/Info.plist;
				IPHONEOS_DEPLOYMENT_TARGET = 14.5;
				LD_RUNPATH_SEARCH_PATHS = (
					"$(inherited)",
					"@executable_path/Frameworks",
					"@loader_path/Frameworks",
				);
				PRODUCT_BUNDLE_IDENTIFIER = lijia.XiaoMeiTests;
				PRODUCT_NAME = "$(TARGET_NAME)";
				TARGETED_DEVICE_FAMILY = "1,2";
				TEST_HOST = "$(BUILT_PRODUCTS_DIR)/XiaoMei.app/XiaoMei";
			};
			name = Release;
		};
		0E669507268589E9000DEE78 /* Debug */ = {
			isa = XCBuildConfiguration;
			baseConfigurationReference = 256819D66FB1037E5E02189D /* Pods-XiaoMei-XiaoMeiUITests.debug.xcconfig */;
			buildSettings = {
				CODE_SIGN_STYLE = Automatic;
				INFOPLIST_FILE = XiaoMeiUITests/Info.plist;
				LD_RUNPATH_SEARCH_PATHS = (
					"$(inherited)",
					"@executable_path/Frameworks",
					"@loader_path/Frameworks",
				);
				PRODUCT_BUNDLE_IDENTIFIER = lijia.XiaoMeiUITests;
				PRODUCT_NAME = "$(TARGET_NAME)";
				TARGETED_DEVICE_FAMILY = "1,2";
				TEST_TARGET_NAME = XiaoMei;
			};
			name = Debug;
		};
		0E669508268589E9000DEE78 /* Release */ = {
			isa = XCBuildConfiguration;
			baseConfigurationReference = 497DC7C4B102DB3EC5C341B2 /* Pods-XiaoMei-XiaoMeiUITests.release.xcconfig */;
			buildSettings = {
				CODE_SIGN_STYLE = Automatic;
				INFOPLIST_FILE = XiaoMeiUITests/Info.plist;
				LD_RUNPATH_SEARCH_PATHS = (
					"$(inherited)",
					"@executable_path/Frameworks",
					"@loader_path/Frameworks",
				);
				PRODUCT_BUNDLE_IDENTIFIER = lijia.XiaoMeiUITests;
				PRODUCT_NAME = "$(TARGET_NAME)";
				TARGETED_DEVICE_FAMILY = "1,2";
				TEST_TARGET_NAME = XiaoMei;
			};
			name = Release;
		};
		0E66EBB42689B625005450B4 /* Debug */ = {
			isa = XCBuildConfiguration;
			baseConfigurationReference = 02F938183A057F2B914961E7 /* Pods-ProtocolBuffer.debug.xcconfig */;
			buildSettings = {
				ASSETCATALOG_COMPILER_APPICON_NAME = AppIcon;
				ASSETCATALOG_COMPILER_GLOBAL_ACCENT_COLOR_NAME = AccentColor;
				CODE_SIGN_STYLE = Automatic;
				HEADER_SEARCH_PATHS = "";
				INFOPLIST_FILE = ProtocolBuffer/Info.plist;
				LD_RUNPATH_SEARCH_PATHS = (
					"$(inherited)",
					"@executable_path/Frameworks",
				);
				PRODUCT_BUNDLE_IDENTIFIER = lijia.ProtocolBuffer;
				PRODUCT_NAME = "$(TARGET_NAME)";
				REZ_SEARCH_PATHS = "";
				TARGETED_DEVICE_FAMILY = "1,2";
			};
			name = Debug;
		};
		0E66EBB52689B625005450B4 /* Release */ = {
			isa = XCBuildConfiguration;
			baseConfigurationReference = 2CD86782905847E7654F6F6E /* Pods-ProtocolBuffer.release.xcconfig */;
			buildSettings = {
				ASSETCATALOG_COMPILER_APPICON_NAME = AppIcon;
				ASSETCATALOG_COMPILER_GLOBAL_ACCENT_COLOR_NAME = AccentColor;
				CODE_SIGN_STYLE = Automatic;
				HEADER_SEARCH_PATHS = "";
				INFOPLIST_FILE = ProtocolBuffer/Info.plist;
				LD_RUNPATH_SEARCH_PATHS = (
					"$(inherited)",
					"@executable_path/Frameworks",
				);
				PRODUCT_BUNDLE_IDENTIFIER = lijia.ProtocolBuffer;
				PRODUCT_NAME = "$(TARGET_NAME)";
				REZ_SEARCH_PATHS = "";
				TARGETED_DEVICE_FAMILY = "1,2";
			};
			name = Release;
		};
		0E66EBB62689B625005450B4 /* Debug */ = {
			isa = XCBuildConfiguration;
			buildSettings = {
				BUNDLE_LOADER = "$(TEST_HOST)";
				CODE_SIGN_STYLE = Automatic;
				INFOPLIST_FILE = ProtocolBufferTests/Info.plist;
				IPHONEOS_DEPLOYMENT_TARGET = 14.5;
				LD_RUNPATH_SEARCH_PATHS = (
					"$(inherited)",
					"@executable_path/Frameworks",
					"@loader_path/Frameworks",
				);
				PRODUCT_BUNDLE_IDENTIFIER = lijia.ProtocolBufferTests;
				PRODUCT_NAME = "$(TARGET_NAME)";
				TARGETED_DEVICE_FAMILY = "1,2";
				TEST_HOST = "$(BUILT_PRODUCTS_DIR)/ProtocolBuffer.app/ProtocolBuffer";
			};
			name = Debug;
		};
		0E66EBB72689B625005450B4 /* Release */ = {
			isa = XCBuildConfiguration;
			buildSettings = {
				BUNDLE_LOADER = "$(TEST_HOST)";
				CODE_SIGN_STYLE = Automatic;
				INFOPLIST_FILE = ProtocolBufferTests/Info.plist;
				IPHONEOS_DEPLOYMENT_TARGET = 14.5;
				LD_RUNPATH_SEARCH_PATHS = (
					"$(inherited)",
					"@executable_path/Frameworks",
					"@loader_path/Frameworks",
				);
				PRODUCT_BUNDLE_IDENTIFIER = lijia.ProtocolBufferTests;
				PRODUCT_NAME = "$(TARGET_NAME)";
				TARGETED_DEVICE_FAMILY = "1,2";
				TEST_HOST = "$(BUILT_PRODUCTS_DIR)/ProtocolBuffer.app/ProtocolBuffer";
			};
			name = Release;
		};
		0E66EBB82689B625005450B4 /* Debug */ = {
			isa = XCBuildConfiguration;
			buildSettings = {
				CODE_SIGN_STYLE = Automatic;
				INFOPLIST_FILE = ProtocolBufferUITests/Info.plist;
				LD_RUNPATH_SEARCH_PATHS = (
					"$(inherited)",
					"@executable_path/Frameworks",
					"@loader_path/Frameworks",
				);
				PRODUCT_BUNDLE_IDENTIFIER = lijia.ProtocolBufferUITests;
				PRODUCT_NAME = "$(TARGET_NAME)";
				TARGETED_DEVICE_FAMILY = "1,2";
				TEST_TARGET_NAME = ProtocolBuffer;
			};
			name = Debug;
		};
		0E66EBB92689B625005450B4 /* Release */ = {
			isa = XCBuildConfiguration;
			buildSettings = {
				CODE_SIGN_STYLE = Automatic;
				INFOPLIST_FILE = ProtocolBufferUITests/Info.plist;
				LD_RUNPATH_SEARCH_PATHS = (
					"$(inherited)",
					"@executable_path/Frameworks",
					"@loader_path/Frameworks",
				);
				PRODUCT_BUNDLE_IDENTIFIER = lijia.ProtocolBufferUITests;
				PRODUCT_NAME = "$(TARGET_NAME)";
				TARGETED_DEVICE_FAMILY = "1,2";
				TEST_TARGET_NAME = ProtocolBuffer;
			};
			name = Release;
		};
		0E7717B32696C77D00DC5735 /* Debug */ = {
			isa = XCBuildConfiguration;
			baseConfigurationReference = F39F95B4040DEE14F86F8B8C /* Pods-RealmDemo.debug.xcconfig */;
			buildSettings = {
				ASSETCATALOG_COMPILER_APPICON_NAME = AppIcon;
				ASSETCATALOG_COMPILER_GLOBAL_ACCENT_COLOR_NAME = AccentColor;
				CODE_SIGN_STYLE = Automatic;
				INFOPLIST_FILE = RealmDemo/Info.plist;
				LD_RUNPATH_SEARCH_PATHS = (
					"$(inherited)",
					"@executable_path/Frameworks",
				);
				PRODUCT_BUNDLE_IDENTIFIER = lijia.RealmDemo;
				PRODUCT_NAME = "$(TARGET_NAME)";
				TARGETED_DEVICE_FAMILY = "1,2";
				USER_HEADER_SEARCH_PATHS = "";
			};
			name = Debug;
		};
		0E7717B42696C77D00DC5735 /* Release */ = {
			isa = XCBuildConfiguration;
			baseConfigurationReference = F558A0EF66F97534D7FB73FC /* Pods-RealmDemo.release.xcconfig */;
			buildSettings = {
				ASSETCATALOG_COMPILER_APPICON_NAME = AppIcon;
				ASSETCATALOG_COMPILER_GLOBAL_ACCENT_COLOR_NAME = AccentColor;
				CODE_SIGN_STYLE = Automatic;
				INFOPLIST_FILE = RealmDemo/Info.plist;
				LD_RUNPATH_SEARCH_PATHS = (
					"$(inherited)",
					"@executable_path/Frameworks",
				);
				PRODUCT_BUNDLE_IDENTIFIER = lijia.RealmDemo;
				PRODUCT_NAME = "$(TARGET_NAME)";
				TARGETED_DEVICE_FAMILY = "1,2";
				USER_HEADER_SEARCH_PATHS = "";
			};
			name = Release;
		};
		0E941E0226A1889A00430979 /* Debug */ = {
			isa = XCBuildConfiguration;
			buildSettings = {
				ASSETCATALOG_COMPILER_APPICON_NAME = AppIcon;
				ASSETCATALOG_COMPILER_GLOBAL_ACCENT_COLOR_NAME = AccentColor;
				CODE_SIGN_STYLE = Automatic;
				INFOPLIST_FILE = "单向链表/Info.plist";
				LD_RUNPATH_SEARCH_PATHS = (
					"$(inherited)",
					"@executable_path/Frameworks",
				);
				PRODUCT_BUNDLE_IDENTIFIER = "lijia.----";
				PRODUCT_NAME = "$(TARGET_NAME)";
				TARGETED_DEVICE_FAMILY = "1,2";
			};
			name = Debug;
		};
		0E941E0326A1889A00430979 /* Release */ = {
			isa = XCBuildConfiguration;
			buildSettings = {
				ASSETCATALOG_COMPILER_APPICON_NAME = AppIcon;
				ASSETCATALOG_COMPILER_GLOBAL_ACCENT_COLOR_NAME = AccentColor;
				CODE_SIGN_STYLE = Automatic;
				INFOPLIST_FILE = "单向链表/Info.plist";
				LD_RUNPATH_SEARCH_PATHS = (
					"$(inherited)",
					"@executable_path/Frameworks",
				);
				PRODUCT_BUNDLE_IDENTIFIER = "lijia.----";
				PRODUCT_NAME = "$(TARGET_NAME)";
				TARGETED_DEVICE_FAMILY = "1,2";
			};
			name = Release;
		};
		0EE7C84126D62339000090ED /* Debug */ = {
			isa = XCBuildConfiguration;
			buildSettings = {
				ASSETCATALOG_COMPILER_APPICON_NAME = AppIcon;
				ASSETCATALOG_COMPILER_GLOBAL_ACCENT_COLOR_NAME = AccentColor;
				CODE_SIGN_STYLE = Automatic;
				INFOPLIST_FILE = "触摸事件全家桶/Info.plist";
				LD_RUNPATH_SEARCH_PATHS = (
					"$(inherited)",
					"@executable_path/Frameworks",
				);
				PRODUCT_BUNDLE_IDENTIFIER = "lijia.-------";
				PRODUCT_NAME = "$(TARGET_NAME)";
				TARGETED_DEVICE_FAMILY = "1,2";
			};
			name = Debug;
		};
		0EE7C84226D62339000090ED /* Release */ = {
			isa = XCBuildConfiguration;
			buildSettings = {
				ASSETCATALOG_COMPILER_APPICON_NAME = AppIcon;
				ASSETCATALOG_COMPILER_GLOBAL_ACCENT_COLOR_NAME = AccentColor;
				CODE_SIGN_STYLE = Automatic;
				INFOPLIST_FILE = "触摸事件全家桶/Info.plist";
				LD_RUNPATH_SEARCH_PATHS = (
					"$(inherited)",
					"@executable_path/Frameworks",
				);
				PRODUCT_BUNDLE_IDENTIFIER = "lijia.-------";
				PRODUCT_NAME = "$(TARGET_NAME)";
				TARGETED_DEVICE_FAMILY = "1,2";
			};
			name = Release;
		};
/* End XCBuildConfiguration section */

/* Begin XCConfigurationList section */
		0E5160E72694438300A6FE32 /* Build configuration list for PBXNativeTarget "NSDecimalNumber" */ = {
			isa = XCConfigurationList;
			buildConfigurations = (
				0E5160E82694438300A6FE32 /* Debug */,
				0E5160E92694438300A6FE32 /* Release */,
			);
			defaultConfigurationIsVisible = 0;
			defaultConfigurationName = Release;
		};
		0E6694CC268589E6000DEE78 /* Build configuration list for PBXProject "XiaoMei" */ = {
			isa = XCConfigurationList;
			buildConfigurations = (
				0E6694FE268589E9000DEE78 /* Debug */,
				0E6694FF268589E9000DEE78 /* Release */,
			);
			defaultConfigurationIsVisible = 0;
			defaultConfigurationName = Release;
		};
		0E669500268589E9000DEE78 /* Build configuration list for PBXNativeTarget "XiaoMei" */ = {
			isa = XCConfigurationList;
			buildConfigurations = (
				0E669501268589E9000DEE78 /* Debug */,
				0E669502268589E9000DEE78 /* Release */,
			);
			defaultConfigurationIsVisible = 0;
			defaultConfigurationName = Release;
		};
		0E669503268589E9000DEE78 /* Build configuration list for PBXNativeTarget "XiaoMeiTests" */ = {
			isa = XCConfigurationList;
			buildConfigurations = (
				0E669504268589E9000DEE78 /* Debug */,
				0E669505268589E9000DEE78 /* Release */,
			);
			defaultConfigurationIsVisible = 0;
			defaultConfigurationName = Release;
		};
		0E669506268589E9000DEE78 /* Build configuration list for PBXNativeTarget "XiaoMeiUITests" */ = {
			isa = XCConfigurationList;
			buildConfigurations = (
				0E669507268589E9000DEE78 /* Debug */,
				0E669508268589E9000DEE78 /* Release */,
			);
			defaultConfigurationIsVisible = 0;
			defaultConfigurationName = Release;
		};
		0E66EBBA2689B625005450B4 /* Build configuration list for PBXNativeTarget "ProtocolBuffer" */ = {
			isa = XCConfigurationList;
			buildConfigurations = (
				0E66EBB42689B625005450B4 /* Debug */,
				0E66EBB52689B625005450B4 /* Release */,
			);
			defaultConfigurationIsVisible = 0;
			defaultConfigurationName = Release;
		};
		0E66EBBB2689B625005450B4 /* Build configuration list for PBXNativeTarget "ProtocolBufferTests" */ = {
			isa = XCConfigurationList;
			buildConfigurations = (
				0E66EBB62689B625005450B4 /* Debug */,
				0E66EBB72689B625005450B4 /* Release */,
			);
			defaultConfigurationIsVisible = 0;
			defaultConfigurationName = Release;
		};
		0E66EBBC2689B625005450B4 /* Build configuration list for PBXNativeTarget "ProtocolBufferUITests" */ = {
			isa = XCConfigurationList;
			buildConfigurations = (
				0E66EBB82689B625005450B4 /* Debug */,
				0E66EBB92689B625005450B4 /* Release */,
			);
			defaultConfigurationIsVisible = 0;
			defaultConfigurationName = Release;
		};
		0E7717B52696C77D00DC5735 /* Build configuration list for PBXNativeTarget "RealmDemo" */ = {
			isa = XCConfigurationList;
			buildConfigurations = (
				0E7717B32696C77D00DC5735 /* Debug */,
				0E7717B42696C77D00DC5735 /* Release */,
			);
			defaultConfigurationIsVisible = 0;
			defaultConfigurationName = Release;
		};
		0E941E0426A1889A00430979 /* Build configuration list for PBXNativeTarget "单向链表" */ = {
			isa = XCConfigurationList;
			buildConfigurations = (
				0E941E0226A1889A00430979 /* Debug */,
				0E941E0326A1889A00430979 /* Release */,
			);
			defaultConfigurationIsVisible = 0;
			defaultConfigurationName = Release;
		};
		0EE7C84326D62339000090ED /* Build configuration list for PBXNativeTarget "触摸事件全家桶" */ = {
			isa = XCConfigurationList;
			buildConfigurations = (
				0EE7C84126D62339000090ED /* Debug */,
				0EE7C84226D62339000090ED /* Release */,
			);
			defaultConfigurationIsVisible = 0;
			defaultConfigurationName = Release;
		};
/* End XCConfigurationList section */
	};
	rootObject = 0E6694C9268589E6000DEE78 /* Project object */;
}
